// !$*UTF8*$!
{
	archiveVersion = 1;
	classes = {
	};
	objectVersion = 46;
	objects = {

/* Begin PBXBuildFile section */
		9205E8DA1F599F7300927A3F /* AppDelegate.swift in Sources */ = {isa = PBXBuildFile; fileRef = 9205E8D91F599F7300927A3F /* AppDelegate.swift */; };
		9205E8DC1F599F7300927A3F /* ViewController.swift in Sources */ = {isa = PBXBuildFile; fileRef = 9205E8DB1F599F7300927A3F /* ViewController.swift */; };
		9205E8DF1F599F7300927A3F /* Main.storyboard in Resources */ = {isa = PBXBuildFile; fileRef = 9205E8DD1F599F7300927A3F /* Main.storyboard */; };
		9205E8E11F599F7300927A3F /* Assets.xcassets in Resources */ = {isa = PBXBuildFile; fileRef = 9205E8E01F599F7300927A3F /* Assets.xcassets */; };
		9205E8E41F599F7300927A3F /* LaunchScreen.storyboard in Resources */ = {isa = PBXBuildFile; fileRef = 9205E8E21F599F7300927A3F /* LaunchScreen.storyboard */; };
		9205E92D1F599FE000927A3F /* disk_drive.c in Sources */ = {isa = PBXBuildFile; fileRef = 9205E8ED1F599FE000927A3F /* disk_drive.c */; };
		9205E92E1F599FE000927A3F /* core.c in Sources */ = {isa = PBXBuildFile; fileRef = 9205E8EF1F599FE000927A3F /* core.c */; };
		9205E92F1F599FE000927A3F /* cmd_background.c in Sources */ = {isa = PBXBuildFile; fileRef = 9205E8F31F599FE000927A3F /* cmd_background.c */; };
		9205E9301F599FE000927A3F /* cmd_control.c in Sources */ = {isa = PBXBuildFile; fileRef = 9205E8F51F599FE000927A3F /* cmd_control.c */; };
		9205E9311F599FE000927A3F /* cmd_data.c in Sources */ = {isa = PBXBuildFile; fileRef = 9205E8F71F599FE000927A3F /* cmd_data.c */; };
		9205E9321F599FE000927A3F /* cmd_files.c in Sources */ = {isa = PBXBuildFile; fileRef = 9205E8F91F599FE000927A3F /* cmd_files.c */; };
		9205E9331F599FE000927A3F /* cmd_io.c in Sources */ = {isa = PBXBuildFile; fileRef = 9205E8FB1F599FE000927A3F /* cmd_io.c */; };
		9205E9341F599FE000927A3F /* cmd_maths.c in Sources */ = {isa = PBXBuildFile; fileRef = 9205E8FD1F599FE000927A3F /* cmd_maths.c */; };
		9205E9351F599FE000927A3F /* cmd_memory.c in Sources */ = {isa = PBXBuildFile; fileRef = 9205E8FF1F599FE000927A3F /* cmd_memory.c */; };
		9205E9361F599FE000927A3F /* cmd_screen.c in Sources */ = {isa = PBXBuildFile; fileRef = 9205E9011F599FE000927A3F /* cmd_screen.c */; };
		9205E9371F599FE000927A3F /* cmd_sprites.c in Sources */ = {isa = PBXBuildFile; fileRef = 9205E9031F599FE000927A3F /* cmd_sprites.c */; };
		9205E9381F599FE000927A3F /* cmd_strings.c in Sources */ = {isa = PBXBuildFile; fileRef = 9205E9051F599FE000927A3F /* cmd_strings.c */; };
		9205E9391F599FE000927A3F /* cmd_text.c in Sources */ = {isa = PBXBuildFile; fileRef = 9205E9071F599FE000927A3F /* cmd_text.c */; };
		9205E93A1F599FE000927A3F /* cmd_variables.c in Sources */ = {isa = PBXBuildFile; fileRef = 9205E9091F599FE000927A3F /* cmd_variables.c */; };
		9205E93B1F599FE000927A3F /* data.c in Sources */ = {isa = PBXBuildFile; fileRef = 9205E90B1F599FE000927A3F /* data.c */; };
		9205E93C1F599FE000927A3F /* error.c in Sources */ = {isa = PBXBuildFile; fileRef = 9205E90D1F599FE000927A3F /* error.c */; };
		9205E93D1F599FE000927A3F /* interpreter.c in Sources */ = {isa = PBXBuildFile; fileRef = 9205E90F1F599FE000927A3F /* interpreter.c */; };
		9205E93E1F599FE000927A3F /* interpreter_utils.c in Sources */ = {isa = PBXBuildFile; fileRef = 9205E9121F599FE000927A3F /* interpreter_utils.c */; };
		9205E93F1F599FE000927A3F /* labels.c in Sources */ = {isa = PBXBuildFile; fileRef = 9205E9141F599FE000927A3F /* labels.c */; };
		9205E9401F599FE000927A3F /* rcstring.c in Sources */ = {isa = PBXBuildFile; fileRef = 9205E9161F599FE000927A3F /* rcstring.c */; };
		9205E9411F599FE000927A3F /* token.c in Sources */ = {isa = PBXBuildFile; fileRef = 9205E9181F599FE000927A3F /* token.c */; };
		9205E9421F599FE000927A3F /* value.c in Sources */ = {isa = PBXBuildFile; fileRef = 9205E91A1F599FE000927A3F /* value.c */; };
		9205E9431F599FE000927A3F /* variables.c in Sources */ = {isa = PBXBuildFile; fileRef = 9205E91C1F599FE000927A3F /* variables.c */; };
		9205E9441F599FE000927A3F /* default_characters.c in Sources */ = {isa = PBXBuildFile; fileRef = 9205E91F1F599FE000927A3F /* default_characters.c */; };
		9205E9451F599FE000927A3F /* sprites_lib.c in Sources */ = {isa = PBXBuildFile; fileRef = 9205E9211F599FE000927A3F /* sprites_lib.c */; };
		9205E9461F599FE000927A3F /* text_lib.c in Sources */ = {isa = PBXBuildFile; fileRef = 9205E9231F599FE000927A3F /* text_lib.c */; };
		9205E9471F599FE000927A3F /* audio_chip.c in Sources */ = {isa = PBXBuildFile; fileRef = 9205E9261F599FE000927A3F /* audio_chip.c */; };
		9205E9481F599FE000927A3F /* machine.c in Sources */ = {isa = PBXBuildFile; fileRef = 9205E9291F599FE000927A3F /* machine.c */; };
		9205E9491F599FE000927A3F /* video_chip.c in Sources */ = {isa = PBXBuildFile; fileRef = 9205E92B1F599FE000927A3F /* video_chip.c */; };
		9205E94C1F59A96600927A3F /* program.nx in Resources */ = {isa = PBXBuildFile; fileRef = 9205E94B1F59A96600927A3F /* program.nx */; };
		9205E94E1F59BEE900927A3F /* LowResNXView.swift in Sources */ = {isa = PBXBuildFile; fileRef = 9205E94D1F59BEE900927A3F /* LowResNXView.swift */; };
		92521BCF1F5B105E0078A7C7 /* CoreWrapper.swift in Sources */ = {isa = PBXBuildFile; fileRef = 92521BCE1F5B105E0078A7C7 /* CoreWrapper.swift */; };
		92AE47D41F6D94A1008BD49C /* overlay.c in Sources */ = {isa = PBXBuildFile; fileRef = 92AE47D01F6D94A1008BD49C /* overlay.c */; };
		92AE47D51F6D94A1008BD49C /* overlay_data.c in Sources */ = {isa = PBXBuildFile; fileRef = 92AE47D21F6D94A1008BD49C /* overlay_data.c */; };
/* End PBXBuildFile section */

/* Begin PBXFileReference section */
		9205E8D61F599F7300927A3F /* LowRes NX.app */ = {isa = PBXFileReference; explicitFileType = wrapper.application; includeInIndex = 0; path = "LowRes NX.app"; sourceTree = BUILT_PRODUCTS_DIR; };
		9205E8D91F599F7300927A3F /* AppDelegate.swift */ = {isa = PBXFileReference; lastKnownFileType = sourcecode.swift; path = AppDelegate.swift; sourceTree = "<group>"; };
		9205E8DB1F599F7300927A3F /* ViewController.swift */ = {isa = PBXFileReference; lastKnownFileType = sourcecode.swift; path = ViewController.swift; sourceTree = "<group>"; };
		9205E8E01F599F7300927A3F /* Assets.xcassets */ = {isa = PBXFileReference; lastKnownFileType = folder.assetcatalog; path = Assets.xcassets; sourceTree = "<group>"; };
		9205E8E51F599F7300927A3F /* Info.plist */ = {isa = PBXFileReference; lastKnownFileType = text.plist.xml; path = Info.plist; sourceTree = "<group>"; };
		9205E8ED1F599FE000927A3F /* disk_drive.c */ = {isa = PBXFileReference; fileEncoding = 4; lastKnownFileType = sourcecode.c.c; path = disk_drive.c; sourceTree = "<group>"; };
		9205E8EE1F599FE000927A3F /* disk_drive.h */ = {isa = PBXFileReference; fileEncoding = 4; lastKnownFileType = sourcecode.c.h; path = disk_drive.h; sourceTree = "<group>"; };
		9205E8EF1F599FE000927A3F /* core.c */ = {isa = PBXFileReference; fileEncoding = 4; lastKnownFileType = sourcecode.c.c; path = core.c; sourceTree = "<group>"; };
		9205E8F01F599FE000927A3F /* core.h */ = {isa = PBXFileReference; fileEncoding = 4; lastKnownFileType = sourcecode.c.h; path = core.h; sourceTree = "<group>"; };
		9205E8F11F599FE000927A3F /* core_delegate.h */ = {isa = PBXFileReference; fileEncoding = 4; lastKnownFileType = sourcecode.c.h; path = core_delegate.h; sourceTree = "<group>"; };
		9205E8F31F599FE000927A3F /* cmd_background.c */ = {isa = PBXFileReference; fileEncoding = 4; lastKnownFileType = sourcecode.c.c; path = cmd_background.c; sourceTree = "<group>"; };
		9205E8F41F599FE000927A3F /* cmd_background.h */ = {isa = PBXFileReference; fileEncoding = 4; lastKnownFileType = sourcecode.c.h; path = cmd_background.h; sourceTree = "<group>"; };
		9205E8F51F599FE000927A3F /* cmd_control.c */ = {isa = PBXFileReference; fileEncoding = 4; lastKnownFileType = sourcecode.c.c; path = cmd_control.c; sourceTree = "<group>"; };
		9205E8F61F599FE000927A3F /* cmd_control.h */ = {isa = PBXFileReference; fileEncoding = 4; lastKnownFileType = sourcecode.c.h; path = cmd_control.h; sourceTree = "<group>"; };
		9205E8F71F599FE000927A3F /* cmd_data.c */ = {isa = PBXFileReference; fileEncoding = 4; lastKnownFileType = sourcecode.c.c; path = cmd_data.c; sourceTree = "<group>"; };
		9205E8F81F599FE000927A3F /* cmd_data.h */ = {isa = PBXFileReference; fileEncoding = 4; lastKnownFileType = sourcecode.c.h; path = cmd_data.h; sourceTree = "<group>"; };
		9205E8F91F599FE000927A3F /* cmd_files.c */ = {isa = PBXFileReference; fileEncoding = 4; lastKnownFileType = sourcecode.c.c; path = cmd_files.c; sourceTree = "<group>"; };
		9205E8FA1F599FE000927A3F /* cmd_files.h */ = {isa = PBXFileReference; fileEncoding = 4; lastKnownFileType = sourcecode.c.h; path = cmd_files.h; sourceTree = "<group>"; };
		9205E8FB1F599FE000927A3F /* cmd_io.c */ = {isa = PBXFileReference; fileEncoding = 4; lastKnownFileType = sourcecode.c.c; path = cmd_io.c; sourceTree = "<group>"; };
		9205E8FC1F599FE000927A3F /* cmd_io.h */ = {isa = PBXFileReference; fileEncoding = 4; lastKnownFileType = sourcecode.c.h; path = cmd_io.h; sourceTree = "<group>"; };
		9205E8FD1F599FE000927A3F /* cmd_maths.c */ = {isa = PBXFileReference; fileEncoding = 4; lastKnownFileType = sourcecode.c.c; path = cmd_maths.c; sourceTree = "<group>"; };
		9205E8FE1F599FE000927A3F /* cmd_maths.h */ = {isa = PBXFileReference; fileEncoding = 4; lastKnownFileType = sourcecode.c.h; path = cmd_maths.h; sourceTree = "<group>"; };
		9205E8FF1F599FE000927A3F /* cmd_memory.c */ = {isa = PBXFileReference; fileEncoding = 4; lastKnownFileType = sourcecode.c.c; path = cmd_memory.c; sourceTree = "<group>"; };
		9205E9001F599FE000927A3F /* cmd_memory.h */ = {isa = PBXFileReference; fileEncoding = 4; lastKnownFileType = sourcecode.c.h; path = cmd_memory.h; sourceTree = "<group>"; };
		9205E9011F599FE000927A3F /* cmd_screen.c */ = {isa = PBXFileReference; fileEncoding = 4; lastKnownFileType = sourcecode.c.c; path = cmd_screen.c; sourceTree = "<group>"; };
		9205E9021F599FE000927A3F /* cmd_screen.h */ = {isa = PBXFileReference; fileEncoding = 4; lastKnownFileType = sourcecode.c.h; path = cmd_screen.h; sourceTree = "<group>"; };
		9205E9031F599FE000927A3F /* cmd_sprites.c */ = {isa = PBXFileReference; fileEncoding = 4; lastKnownFileType = sourcecode.c.c; path = cmd_sprites.c; sourceTree = "<group>"; };
		9205E9041F599FE000927A3F /* cmd_sprites.h */ = {isa = PBXFileReference; fileEncoding = 4; lastKnownFileType = sourcecode.c.h; path = cmd_sprites.h; sourceTree = "<group>"; };
		9205E9051F599FE000927A3F /* cmd_strings.c */ = {isa = PBXFileReference; fileEncoding = 4; lastKnownFileType = sourcecode.c.c; path = cmd_strings.c; sourceTree = "<group>"; };
		9205E9061F599FE000927A3F /* cmd_strings.h */ = {isa = PBXFileReference; fileEncoding = 4; lastKnownFileType = sourcecode.c.h; path = cmd_strings.h; sourceTree = "<group>"; };
		9205E9071F599FE000927A3F /* cmd_text.c */ = {isa = PBXFileReference; fileEncoding = 4; lastKnownFileType = sourcecode.c.c; path = cmd_text.c; sourceTree = "<group>"; };
		9205E9081F599FE000927A3F /* cmd_text.h */ = {isa = PBXFileReference; fileEncoding = 4; lastKnownFileType = sourcecode.c.h; path = cmd_text.h; sourceTree = "<group>"; };
		9205E9091F599FE000927A3F /* cmd_variables.c */ = {isa = PBXFileReference; fileEncoding = 4; lastKnownFileType = sourcecode.c.c; path = cmd_variables.c; sourceTree = "<group>"; };
		9205E90A1F599FE000927A3F /* cmd_variables.h */ = {isa = PBXFileReference; fileEncoding = 4; lastKnownFileType = sourcecode.c.h; path = cmd_variables.h; sourceTree = "<group>"; };
		9205E90B1F599FE000927A3F /* data.c */ = {isa = PBXFileReference; fileEncoding = 4; lastKnownFileType = sourcecode.c.c; path = data.c; sourceTree = "<group>"; };
		9205E90C1F599FE000927A3F /* data.h */ = {isa = PBXFileReference; fileEncoding = 4; lastKnownFileType = sourcecode.c.h; path = data.h; sourceTree = "<group>"; };
		9205E90D1F599FE000927A3F /* error.c */ = {isa = PBXFileReference; fileEncoding = 4; lastKnownFileType = sourcecode.c.c; path = error.c; sourceTree = "<group>"; };
		9205E90E1F599FE000927A3F /* error.h */ = {isa = PBXFileReference; fileEncoding = 4; lastKnownFileType = sourcecode.c.h; path = error.h; sourceTree = "<group>"; };
		9205E90F1F599FE000927A3F /* interpreter.c */ = {isa = PBXFileReference; fileEncoding = 4; lastKnownFileType = sourcecode.c.c; path = interpreter.c; sourceTree = "<group>"; };
		9205E9101F599FE000927A3F /* interpreter.h */ = {isa = PBXFileReference; fileEncoding = 4; lastKnownFileType = sourcecode.c.h; path = interpreter.h; sourceTree = "<group>"; };
		9205E9111F599FE000927A3F /* interpreter_config.h */ = {isa = PBXFileReference; fileEncoding = 4; lastKnownFileType = sourcecode.c.h; path = interpreter_config.h; sourceTree = "<group>"; };
		9205E9121F599FE000927A3F /* interpreter_utils.c */ = {isa = PBXFileReference; fileEncoding = 4; lastKnownFileType = sourcecode.c.c; path = interpreter_utils.c; sourceTree = "<group>"; };
		9205E9131F599FE000927A3F /* interpreter_utils.h */ = {isa = PBXFileReference; fileEncoding = 4; lastKnownFileType = sourcecode.c.h; path = interpreter_utils.h; sourceTree = "<group>"; };
		9205E9141F599FE000927A3F /* labels.c */ = {isa = PBXFileReference; fileEncoding = 4; lastKnownFileType = sourcecode.c.c; path = labels.c; sourceTree = "<group>"; };
		9205E9151F599FE000927A3F /* labels.h */ = {isa = PBXFileReference; fileEncoding = 4; lastKnownFileType = sourcecode.c.h; path = labels.h; sourceTree = "<group>"; };
		9205E9161F599FE000927A3F /* rcstring.c */ = {isa = PBXFileReference; fileEncoding = 4; lastKnownFileType = sourcecode.c.c; path = rcstring.c; sourceTree = "<group>"; };
		9205E9171F599FE000927A3F /* rcstring.h */ = {isa = PBXFileReference; fileEncoding = 4; lastKnownFileType = sourcecode.c.h; path = rcstring.h; sourceTree = "<group>"; };
		9205E9181F599FE000927A3F /* token.c */ = {isa = PBXFileReference; fileEncoding = 4; lastKnownFileType = sourcecode.c.c; path = token.c; sourceTree = "<group>"; };
		9205E9191F599FE000927A3F /* token.h */ = {isa = PBXFileReference; fileEncoding = 4; lastKnownFileType = sourcecode.c.h; path = token.h; sourceTree = "<group>"; };
		9205E91A1F599FE000927A3F /* value.c */ = {isa = PBXFileReference; fileEncoding = 4; lastKnownFileType = sourcecode.c.c; path = value.c; sourceTree = "<group>"; };
		9205E91B1F599FE000927A3F /* value.h */ = {isa = PBXFileReference; fileEncoding = 4; lastKnownFileType = sourcecode.c.h; path = value.h; sourceTree = "<group>"; };
		9205E91C1F599FE000927A3F /* variables.c */ = {isa = PBXFileReference; fileEncoding = 4; lastKnownFileType = sourcecode.c.c; path = variables.c; sourceTree = "<group>"; };
		9205E91D1F599FE000927A3F /* variables.h */ = {isa = PBXFileReference; fileEncoding = 4; lastKnownFileType = sourcecode.c.h; path = variables.h; sourceTree = "<group>"; };
		9205E91F1F599FE000927A3F /* default_characters.c */ = {isa = PBXFileReference; fileEncoding = 4; lastKnownFileType = sourcecode.c.c; path = default_characters.c; sourceTree = "<group>"; };
		9205E9201F599FE000927A3F /* default_characters.h */ = {isa = PBXFileReference; fileEncoding = 4; lastKnownFileType = sourcecode.c.h; path = default_characters.h; sourceTree = "<group>"; };
		9205E9211F599FE000927A3F /* sprites_lib.c */ = {isa = PBXFileReference; fileEncoding = 4; lastKnownFileType = sourcecode.c.c; path = sprites_lib.c; sourceTree = "<group>"; };
		9205E9221F599FE000927A3F /* sprites_lib.h */ = {isa = PBXFileReference; fileEncoding = 4; lastKnownFileType = sourcecode.c.h; path = sprites_lib.h; sourceTree = "<group>"; };
		9205E9231F599FE000927A3F /* text_lib.c */ = {isa = PBXFileReference; fileEncoding = 4; lastKnownFileType = sourcecode.c.c; path = text_lib.c; sourceTree = "<group>"; };
		9205E9241F599FE000927A3F /* text_lib.h */ = {isa = PBXFileReference; fileEncoding = 4; lastKnownFileType = sourcecode.c.h; path = text_lib.h; sourceTree = "<group>"; };
		9205E9261F599FE000927A3F /* audio_chip.c */ = {isa = PBXFileReference; fileEncoding = 4; lastKnownFileType = sourcecode.c.c; path = audio_chip.c; sourceTree = "<group>"; };
		9205E9271F599FE000927A3F /* audio_chip.h */ = {isa = PBXFileReference; fileEncoding = 4; lastKnownFileType = sourcecode.c.h; path = audio_chip.h; sourceTree = "<group>"; };
		9205E9281F599FE000927A3F /* io_chip.h */ = {isa = PBXFileReference; fileEncoding = 4; lastKnownFileType = sourcecode.c.h; path = io_chip.h; sourceTree = "<group>"; };
		9205E9291F599FE000927A3F /* machine.c */ = {isa = PBXFileReference; fileEncoding = 4; lastKnownFileType = sourcecode.c.c; path = machine.c; sourceTree = "<group>"; };
		9205E92A1F599FE000927A3F /* machine.h */ = {isa = PBXFileReference; fileEncoding = 4; lastKnownFileType = sourcecode.c.h; path = machine.h; sourceTree = "<group>"; };
		9205E92B1F599FE000927A3F /* video_chip.c */ = {isa = PBXFileReference; fileEncoding = 4; lastKnownFileType = sourcecode.c.c; path = video_chip.c; sourceTree = "<group>"; };
		9205E92C1F599FE000927A3F /* video_chip.h */ = {isa = PBXFileReference; fileEncoding = 4; lastKnownFileType = sourcecode.c.h; path = video_chip.h; sourceTree = "<group>"; };
		9205E94A1F59A3A400927A3F /* LowResNX-Bridging-Header.h */ = {isa = PBXFileReference; lastKnownFileType = sourcecode.c.h; path = "LowResNX-Bridging-Header.h"; sourceTree = "<group>"; };
		9205E94B1F59A96600927A3F /* program.nx */ = {isa = PBXFileReference; fileEncoding = 4; lastKnownFileType = text; path = program.nx; sourceTree = "<group>"; };
		9205E94D1F59BEE900927A3F /* LowResNXView.swift */ = {isa = PBXFileReference; fileEncoding = 4; lastKnownFileType = sourcecode.swift; path = LowResNXView.swift; sourceTree = "<group>"; };
		9205E9511F59C57D00927A3F /* Base */ = {isa = PBXFileReference; lastKnownFileType = file.storyboard; name = Base; path = Base.lproj/Main.storyboard; sourceTree = "<group>"; };
		9205E9521F59C57D00927A3F /* Base */ = {isa = PBXFileReference; lastKnownFileType = file.storyboard; name = Base; path = Base.lproj/LaunchScreen.storyboard; sourceTree = "<group>"; };
		92521BCE1F5B105E0078A7C7 /* CoreWrapper.swift */ = {isa = PBXFileReference; fileEncoding = 4; lastKnownFileType = sourcecode.swift; path = CoreWrapper.swift; sourceTree = "<group>"; };
		92AE47D01F6D94A1008BD49C /* overlay.c */ = {isa = PBXFileReference; fileEncoding = 4; lastKnownFileType = sourcecode.c.c; path = overlay.c; sourceTree = "<group>"; };
		92AE47D11F6D94A1008BD49C /* overlay.h */ = {isa = PBXFileReference; fileEncoding = 4; lastKnownFileType = sourcecode.c.h; path = overlay.h; sourceTree = "<group>"; };
		92AE47D21F6D94A1008BD49C /* overlay_data.c */ = {isa = PBXFileReference; fileEncoding = 4; lastKnownFileType = sourcecode.c.c; path = overlay_data.c; sourceTree = "<group>"; };
		92AE47D31F6D94A1008BD49C /* overlay_data.h */ = {isa = PBXFileReference; fileEncoding = 4; lastKnownFileType = sourcecode.c.h; path = overlay_data.h; sourceTree = "<group>"; };
/* End PBXFileReference section */

/* Begin PBXFrameworksBuildPhase section */
		9205E8D31F599F7300927A3F /* Frameworks */ = {
			isa = PBXFrameworksBuildPhase;
			buildActionMask = 2147483647;
			files = (
			);
			runOnlyForDeploymentPostprocessing = 0;
		};
/* End PBXFrameworksBuildPhase section */

/* Begin PBXGroup section */
		9205E8CD1F599F7300927A3F = {
			isa = PBXGroup;
			children = (
				9205E94B1F59A96600927A3F /* program.nx */,
				9205E8EB1F599FE000927A3F /* core */,
				9205E8D81F599F7300927A3F /* LowRes NX iOS */,
				9205E8D71F599F7300927A3F /* Products */,
			);
			sourceTree = "<group>";
		};
		9205E8D71F599F7300927A3F /* Products */ = {
			isa = PBXGroup;
			children = (
				9205E8D61F599F7300927A3F /* LowRes NX.app */,
			);
			name = Products;
			sourceTree = "<group>";
		};
		9205E8D81F599F7300927A3F /* LowRes NX iOS */ = {
			isa = PBXGroup;
			children = (
				9205E94A1F59A3A400927A3F /* LowResNX-Bridging-Header.h */,
				9205E8D91F599F7300927A3F /* AppDelegate.swift */,
				92521BCE1F5B105E0078A7C7 /* CoreWrapper.swift */,
				9205E8DB1F599F7300927A3F /* ViewController.swift */,
				9205E94D1F59BEE900927A3F /* LowResNXView.swift */,
				9205E8DD1F599F7300927A3F /* Main.storyboard */,
				9205E8E01F599F7300927A3F /* Assets.xcassets */,
				9205E8E21F599F7300927A3F /* LaunchScreen.storyboard */,
				9205E8E51F599F7300927A3F /* Info.plist */,
			);
			path = "LowRes NX iOS";
			sourceTree = "<group>";
		};
		9205E8EB1F599FE000927A3F /* core */ = {
			isa = PBXGroup;
			children = (
				9205E8EF1F599FE000927A3F /* core.c */,
				9205E8F01F599FE000927A3F /* core.h */,
				9205E8F11F599FE000927A3F /* core_delegate.h */,
				9205E8F21F599FE000927A3F /* interpreter */,
				9205E91E1F599FE000927A3F /* libraries */,
				9205E9251F599FE000927A3F /* machine */,
				9205E8EC1F599FE000927A3F /* accessories */,
				92AE47CF1F6D94A1008BD49C /* overlay */,
			);
			name = core;
			path = ../../core;
			sourceTree = "<group>";
		};
		9205E8EC1F599FE000927A3F /* accessories */ = {
			isa = PBXGroup;
			children = (
				9205E8ED1F599FE000927A3F /* disk_drive.c */,
				9205E8EE1F599FE000927A3F /* disk_drive.h */,
			);
			path = accessories;
			sourceTree = "<group>";
		};
		9205E8F21F599FE000927A3F /* interpreter */ = {
			isa = PBXGroup;
			children = (
				9205E8F31F599FE000927A3F /* cmd_background.c */,
				9205E8F41F599FE000927A3F /* cmd_background.h */,
				9205E8F51F599FE000927A3F /* cmd_control.c */,
				9205E8F61F599FE000927A3F /* cmd_control.h */,
				9205E8F71F599FE000927A3F /* cmd_data.c */,
				9205E8F81F599FE000927A3F /* cmd_data.h */,
				9205E8F91F599FE000927A3F /* cmd_files.c */,
				9205E8FA1F599FE000927A3F /* cmd_files.h */,
				9205E8FB1F599FE000927A3F /* cmd_io.c */,
				9205E8FC1F599FE000927A3F /* cmd_io.h */,
				9205E8FD1F599FE000927A3F /* cmd_maths.c */,
				9205E8FE1F599FE000927A3F /* cmd_maths.h */,
				9205E8FF1F599FE000927A3F /* cmd_memory.c */,
				9205E9001F599FE000927A3F /* cmd_memory.h */,
				9205E9011F599FE000927A3F /* cmd_screen.c */,
				9205E9021F599FE000927A3F /* cmd_screen.h */,
				9205E9031F599FE000927A3F /* cmd_sprites.c */,
				9205E9041F599FE000927A3F /* cmd_sprites.h */,
				9205E9051F599FE000927A3F /* cmd_strings.c */,
				9205E9061F599FE000927A3F /* cmd_strings.h */,
				9205E9071F599FE000927A3F /* cmd_text.c */,
				9205E9081F599FE000927A3F /* cmd_text.h */,
				9205E9091F599FE000927A3F /* cmd_variables.c */,
				9205E90A1F599FE000927A3F /* cmd_variables.h */,
				9205E90B1F599FE000927A3F /* data.c */,
				9205E90C1F599FE000927A3F /* data.h */,
				9205E90D1F599FE000927A3F /* error.c */,
				9205E90E1F599FE000927A3F /* error.h */,
				9205E90F1F599FE000927A3F /* interpreter.c */,
				9205E9101F599FE000927A3F /* interpreter.h */,
				9205E9111F599FE000927A3F /* interpreter_config.h */,
				9205E9121F599FE000927A3F /* interpreter_utils.c */,
				9205E9131F599FE000927A3F /* interpreter_utils.h */,
				9205E9141F599FE000927A3F /* labels.c */,
				9205E9151F599FE000927A3F /* labels.h */,
				9205E9161F599FE000927A3F /* rcstring.c */,
				9205E9171F599FE000927A3F /* rcstring.h */,
				9205E9181F599FE000927A3F /* token.c */,
				9205E9191F599FE000927A3F /* token.h */,
				9205E91A1F599FE000927A3F /* value.c */,
				9205E91B1F599FE000927A3F /* value.h */,
				9205E91C1F599FE000927A3F /* variables.c */,
				9205E91D1F599FE000927A3F /* variables.h */,
			);
			path = interpreter;
			sourceTree = "<group>";
		};
		9205E91E1F599FE000927A3F /* libraries */ = {
			isa = PBXGroup;
			children = (
				9205E91F1F599FE000927A3F /* default_characters.c */,
				9205E9201F599FE000927A3F /* default_characters.h */,
				9205E9211F599FE000927A3F /* sprites_lib.c */,
				9205E9221F599FE000927A3F /* sprites_lib.h */,
				9205E9231F599FE000927A3F /* text_lib.c */,
				9205E9241F599FE000927A3F /* text_lib.h */,
			);
			path = libraries;
			sourceTree = "<group>";
		};
		9205E9251F599FE000927A3F /* machine */ = {
			isa = PBXGroup;
			children = (
				9205E9261F599FE000927A3F /* audio_chip.c */,
				9205E9271F599FE000927A3F /* audio_chip.h */,
				9205E9281F599FE000927A3F /* io_chip.h */,
				9205E9291F599FE000927A3F /* machine.c */,
				9205E92A1F599FE000927A3F /* machine.h */,
				9205E92B1F599FE000927A3F /* video_chip.c */,
				9205E92C1F599FE000927A3F /* video_chip.h */,
			);
			path = machine;
			sourceTree = "<group>";
		};
		92AE47CF1F6D94A1008BD49C /* overlay */ = {
			isa = PBXGroup;
			children = (
				92AE47D01F6D94A1008BD49C /* overlay.c */,
				92AE47D11F6D94A1008BD49C /* overlay.h */,
				92AE47D21F6D94A1008BD49C /* overlay_data.c */,
				92AE47D31F6D94A1008BD49C /* overlay_data.h */,
			);
			path = overlay;
			sourceTree = "<group>";
		};
/* End PBXGroup section */

/* Begin PBXNativeTarget section */
		9205E8D51F599F7300927A3F /* LowRes NX */ = {
			isa = PBXNativeTarget;
			buildConfigurationList = 9205E8E81F599F7300927A3F /* Build configuration list for PBXNativeTarget "LowRes NX" */;
			buildPhases = (
				9205E8D21F599F7300927A3F /* Sources */,
				9205E8D31F599F7300927A3F /* Frameworks */,
				9205E8D41F599F7300927A3F /* Resources */,
			);
			buildRules = (
			);
			dependencies = (
			);
			name = "LowRes NX";
			productName = "LowRes NX iOS";
			productReference = 9205E8D61F599F7300927A3F /* LowRes NX.app */;
			productType = "com.apple.product-type.application";
		};
/* End PBXNativeTarget section */

/* Begin PBXProject section */
		9205E8CE1F599F7300927A3F /* Project object */ = {
			isa = PBXProject;
			attributes = {
				LastSwiftUpdateCheck = 0830;
				LastUpgradeCheck = 0830;
				ORGANIZATIONNAME = "Inutilis Software";
				TargetAttributes = {
					9205E8D51F599F7300927A3F = {
						CreatedOnToolsVersion = 8.3.3;
						DevelopmentTeam = BZ4VC623NH;
						ProvisioningStyle = Automatic;
					};
				};
			};
			buildConfigurationList = 9205E8D11F599F7300927A3F /* Build configuration list for PBXProject "LowRes NX iOS" */;
			compatibilityVersion = "Xcode 3.2";
			developmentRegion = English;
			hasScannedForEncodings = 0;
			knownRegions = (
				en,
				Base,
			);
			mainGroup = 9205E8CD1F599F7300927A3F;
			productRefGroup = 9205E8D71F599F7300927A3F /* Products */;
			projectDirPath = "";
			projectRoot = "";
			targets = (
				9205E8D51F599F7300927A3F /* LowRes NX */,
			);
		};
/* End PBXProject section */

/* Begin PBXResourcesBuildPhase section */
		9205E8D41F599F7300927A3F /* Resources */ = {
			isa = PBXResourcesBuildPhase;
			buildActionMask = 2147483647;
			files = (
				9205E8E41F599F7300927A3F /* LaunchScreen.storyboard in Resources */,
				9205E8E11F599F7300927A3F /* Assets.xcassets in Resources */,
				9205E94C1F59A96600927A3F /* program.nx in Resources */,
				9205E8DF1F599F7300927A3F /* Main.storyboard in Resources */,
			);
			runOnlyForDeploymentPostprocessing = 0;
		};
/* End PBXResourcesBuildPhase section */

/* Begin PBXSourcesBuildPhase section */
		9205E8D21F599F7300927A3F /* Sources */ = {
			isa = PBXSourcesBuildPhase;
			buildActionMask = 2147483647;
			files = (
				9205E93E1F599FE000927A3F /* interpreter_utils.c in Sources */,
				9205E9361F599FE000927A3F /* cmd_screen.c in Sources */,
				9205E9351F599FE000927A3F /* cmd_memory.c in Sources */,
				9205E92E1F599FE000927A3F /* core.c in Sources */,
				9205E8DC1F599F7300927A3F /* ViewController.swift in Sources */,
				92AE47D51F6D94A1008BD49C /* overlay_data.c in Sources */,
				9205E9321F599FE000927A3F /* cmd_files.c in Sources */,
				9205E9461F599FE000927A3F /* text_lib.c in Sources */,
				9205E9381F599FE000927A3F /* cmd_strings.c in Sources */,
				92521BCF1F5B105E0078A7C7 /* CoreWrapper.swift in Sources */,
				9205E9451F599FE000927A3F /* sprites_lib.c in Sources */,
				9205E9441F599FE000927A3F /* default_characters.c in Sources */,
				9205E94E1F59BEE900927A3F /* LowResNXView.swift in Sources */,
				9205E9411F599FE000927A3F /* token.c in Sources */,
				9205E9401F599FE000927A3F /* rcstring.c in Sources */,
				9205E92D1F599FE000927A3F /* disk_drive.c in Sources */,
				9205E8DA1F599F7300927A3F /* AppDelegate.swift in Sources */,
				9205E9391F599FE000927A3F /* cmd_text.c in Sources */,
				9205E93F1F599FE000927A3F /* labels.c in Sources */,
				9205E9331F599FE000927A3F /* cmd_io.c in Sources */,
				9205E9431F599FE000927A3F /* variables.c in Sources */,
				9205E9371F599FE000927A3F /* cmd_sprites.c in Sources */,
				9205E9341F599FE000927A3F /* cmd_maths.c in Sources */,
				9205E93C1F599FE000927A3F /* error.c in Sources */,
				9205E93A1F599FE000927A3F /* cmd_variables.c in Sources */,
				9205E9301F599FE000927A3F /* cmd_control.c in Sources */,
				9205E9491F599FE000927A3F /* video_chip.c in Sources */,
				9205E93D1F599FE000927A3F /* interpreter.c in Sources */,
				9205E92F1F599FE000927A3F /* cmd_background.c in Sources */,
				9205E9421F599FE000927A3F /* value.c in Sources */,
				9205E9471F599FE000927A3F /* audio_chip.c in Sources */,
				92AE47D41F6D94A1008BD49C /* overlay.c in Sources */,
				9205E9481F599FE000927A3F /* machine.c in Sources */,
				9205E9311F599FE000927A3F /* cmd_data.c in Sources */,
				9205E93B1F599FE000927A3F /* data.c in Sources */,
			);
			runOnlyForDeploymentPostprocessing = 0;
		};
/* End PBXSourcesBuildPhase section */

/* Begin PBXVariantGroup section */
		9205E8DD1F599F7300927A3F /* Main.storyboard */ = {
			isa = PBXVariantGroup;
			children = (
				9205E9511F59C57D00927A3F /* Base */,
			);
			name = Main.storyboard;
			sourceTree = "<group>";
		};
		9205E8E21F599F7300927A3F /* LaunchScreen.storyboard */ = {
			isa = PBXVariantGroup;
			children = (
				9205E9521F59C57D00927A3F /* Base */,
			);
			name = LaunchScreen.storyboard;
			sourceTree = "<group>";
		};
/* End PBXVariantGroup section */

/* Begin XCBuildConfiguration section */
		9205E8E61F599F7300927A3F /* Debug */ = {
			isa = XCBuildConfiguration;
			buildSettings = {
				ALWAYS_SEARCH_USER_PATHS = NO;
				CLANG_ANALYZER_NONNULL = YES;
				CLANG_ANALYZER_NUMBER_OBJECT_CONVERSION = YES_AGGRESSIVE;
				CLANG_CXX_LANGUAGE_STANDARD = "gnu++0x";
				CLANG_CXX_LIBRARY = "libc++";
				CLANG_ENABLE_MODULES = YES;
				CLANG_ENABLE_OBJC_ARC = YES;
				CLANG_WARN_BOOL_CONVERSION = YES;
				CLANG_WARN_CONSTANT_CONVERSION = YES;
				CLANG_WARN_DIRECT_OBJC_ISA_USAGE = YES_ERROR;
				CLANG_WARN_DOCUMENTATION_COMMENTS = YES;
				CLANG_WARN_EMPTY_BODY = YES;
				CLANG_WARN_ENUM_CONVERSION = YES;
				CLANG_WARN_INFINITE_RECURSION = YES;
				CLANG_WARN_INT_CONVERSION = YES;
				CLANG_WARN_OBJC_ROOT_CLASS = YES_ERROR;
				CLANG_WARN_SUSPICIOUS_MOVE = YES;
				CLANG_WARN_UNREACHABLE_CODE = YES;
				CLANG_WARN__DUPLICATE_METHOD_MATCH = YES;
				"CODE_SIGN_IDENTITY[sdk=iphoneos*]" = "iPhone Developer";
				COPY_PHASE_STRIP = NO;
				DEBUG_INFORMATION_FORMAT = dwarf;
				ENABLE_STRICT_OBJC_MSGSEND = YES;
				ENABLE_TESTABILITY = YES;
				GCC_C_LANGUAGE_STANDARD = gnu99;
				GCC_DYNAMIC_NO_PIC = NO;
				GCC_NO_COMMON_BLOCKS = YES;
				GCC_OPTIMIZATION_LEVEL = 0;
				GCC_PREPROCESSOR_DEFINITIONS = (
					"DEBUG=1",
					"$(inherited)",
				);
				GCC_WARN_64_TO_32_BIT_CONVERSION = YES;
				GCC_WARN_ABOUT_RETURN_TYPE = YES_ERROR;
				GCC_WARN_UNDECLARED_SELECTOR = YES;
				GCC_WARN_UNINITIALIZED_AUTOS = YES_AGGRESSIVE;
				GCC_WARN_UNUSED_FUNCTION = YES;
				GCC_WARN_UNUSED_VARIABLE = YES;
				IPHONEOS_DEPLOYMENT_TARGET = 8.0;
				MTL_ENABLE_DEBUG_INFO = YES;
				ONLY_ACTIVE_ARCH = YES;
				SDKROOT = iphoneos;
				SWIFT_ACTIVE_COMPILATION_CONDITIONS = DEBUG;
				SWIFT_OPTIMIZATION_LEVEL = "-Onone";
				TARGETED_DEVICE_FAMILY = "1,2";
			};
			name = Debug;
		};
		9205E8E71F599F7300927A3F /* Release */ = {
			isa = XCBuildConfiguration;
			buildSettings = {
				ALWAYS_SEARCH_USER_PATHS = NO;
				CLANG_ANALYZER_NONNULL = YES;
				CLANG_ANALYZER_NUMBER_OBJECT_CONVERSION = YES_AGGRESSIVE;
				CLANG_CXX_LANGUAGE_STANDARD = "gnu++0x";
				CLANG_CXX_LIBRARY = "libc++";
				CLANG_ENABLE_MODULES = YES;
				CLANG_ENABLE_OBJC_ARC = YES;
				CLANG_WARN_BOOL_CONVERSION = YES;
				CLANG_WARN_CONSTANT_CONVERSION = YES;
				CLANG_WARN_DIRECT_OBJC_ISA_USAGE = YES_ERROR;
				CLANG_WARN_DOCUMENTATION_COMMENTS = YES;
				CLANG_WARN_EMPTY_BODY = YES;
				CLANG_WARN_ENUM_CONVERSION = YES;
				CLANG_WARN_INFINITE_RECURSION = YES;
				CLANG_WARN_INT_CONVERSION = YES;
				CLANG_WARN_OBJC_ROOT_CLASS = YES_ERROR;
				CLANG_WARN_SUSPICIOUS_MOVE = YES;
				CLANG_WARN_UNREACHABLE_CODE = YES;
				CLANG_WARN__DUPLICATE_METHOD_MATCH = YES;
				"CODE_SIGN_IDENTITY[sdk=iphoneos*]" = "iPhone Developer";
				COPY_PHASE_STRIP = NO;
				DEBUG_INFORMATION_FORMAT = "dwarf-with-dsym";
				ENABLE_NS_ASSERTIONS = NO;
				ENABLE_STRICT_OBJC_MSGSEND = YES;
				GCC_C_LANGUAGE_STANDARD = gnu99;
				GCC_NO_COMMON_BLOCKS = YES;
				GCC_WARN_64_TO_32_BIT_CONVERSION = YES;
				GCC_WARN_ABOUT_RETURN_TYPE = YES_ERROR;
				GCC_WARN_UNDECLARED_SELECTOR = YES;
				GCC_WARN_UNINITIALIZED_AUTOS = YES_AGGRESSIVE;
				GCC_WARN_UNUSED_FUNCTION = YES;
				GCC_WARN_UNUSED_VARIABLE = YES;
				IPHONEOS_DEPLOYMENT_TARGET = 8.0;
				MTL_ENABLE_DEBUG_INFO = NO;
				SDKROOT = iphoneos;
				SWIFT_OPTIMIZATION_LEVEL = "-Owholemodule";
				TARGETED_DEVICE_FAMILY = "1,2";
				VALIDATE_PRODUCT = YES;
			};
			name = Release;
		};
		9205E8E91F599F7300927A3F /* Debug */ = {
			isa = XCBuildConfiguration;
			buildSettings = {
				ASSETCATALOG_COMPILER_APPICON_NAME = AppIcon;
				DEVELOPMENT_TEAM = BZ4VC623NH;
				INFOPLIST_FILE = "LowRes NX iOS/Info.plist";
				LD_RUNPATH_SEARCH_PATHS = "$(inherited) @executable_path/Frameworks";
				PRODUCT_BUNDLE_IDENTIFIER = "com.inutilis.ios.LowRes-NX";
				PRODUCT_NAME = "$(TARGET_NAME)";
				SWIFT_OBJC_BRIDGING_HEADER = "LowRes NX iOS/LowResNX-Bridging-Header.h";
				SWIFT_VERSION = 3.0;
			};
			name = Debug;
		};
		9205E8EA1F599F7300927A3F /* Release */ = {
			isa = XCBuildConfiguration;
			buildSettings = {
				ASSETCATALOG_COMPILER_APPICON_NAME = AppIcon;
				DEVELOPMENT_TEAM = BZ4VC623NH;
				INFOPLIST_FILE = "LowRes NX iOS/Info.plist";
				LD_RUNPATH_SEARCH_PATHS = "$(inherited) @executable_path/Frameworks";
				PRODUCT_BUNDLE_IDENTIFIER = "com.inutilis.ios.LowRes-NX";
				PRODUCT_NAME = "$(TARGET_NAME)";
				SWIFT_OBJC_BRIDGING_HEADER = "LowRes NX iOS/LowResNX-Bridging-Header.h";
				SWIFT_VERSION = 3.0;
			};
			name = Release;
		};
/* End XCBuildConfiguration section */

/* Begin XCConfigurationList section */
		9205E8D11F599F7300927A3F /* Build configuration list for PBXProject "LowRes NX iOS" */ = {
			isa = XCConfigurationList;
			buildConfigurations = (
				9205E8E61F599F7300927A3F /* Debug */,
				9205E8E71F599F7300927A3F /* Release */,
			);
			defaultConfigurationIsVisible = 0;
			defaultConfigurationName = Release;
		};
		9205E8E81F599F7300927A3F /* Build configuration list for PBXNativeTarget "LowRes NX" */ = {
			isa = XCConfigurationList;
			buildConfigurations = (
				9205E8E91F599F7300927A3F /* Debug */,
				9205E8EA1F599F7300927A3F /* Release */,
			);
			defaultConfigurationIsVisible = 0;
			defaultConfigurationName = Release;
		};
/* End XCConfigurationList section */
	};
	rootObject = 9205E8CE1F599F7300927A3F /* Project object */;
}
