// !$*UTF8*$!
{
	archiveVersion = 1;
	classes = {
	};
	objectVersion = 46;
	objects = {

/* Begin PBXBuildFile section */
		9208F7551E2D5D8800C179D3 /* bas in Resources */ = {isa = PBXBuildFile; fileRef = 9208F7541E2D5D8800C179D3 /* bas */; };
		9219E1E81E6E038000C13BB3 /* token.c in Sources */ = {isa = PBXBuildFile; fileRef = 9219E1E61E6E038000C13BB3 /* token.c */; };
		9219E1EB1E6E044700C13BB3 /* error.c in Sources */ = {isa = PBXBuildFile; fileRef = 9219E1E91E6E044700C13BB3 /* error.c */; };
		9219E1EE1E6E04F600C13BB3 /* value.c in Sources */ = {isa = PBXBuildFile; fileRef = 9219E1EC1E6E04F600C13BB3 /* value.c */; };
		9219E1F41E6E0BF600C13BB3 /* cmd_text.c in Sources */ = {isa = PBXBuildFile; fileRef = 9219E1F21E6E0BF600C13BB3 /* cmd_text.c */; };
		9219E1F71E6E0C5600C13BB3 /* cmd_control.c in Sources */ = {isa = PBXBuildFile; fileRef = 9219E1F51E6E0C5600C13BB3 /* cmd_control.c */; };
		9219E1FA1E6E10F900C13BB3 /* cmd_variables.c in Sources */ = {isa = PBXBuildFile; fileRef = 9219E1F81E6E10F900C13BB3 /* cmd_variables.c */; };
		924DA4FF1E100F8A001B65EB /* RendererViewController.m in Sources */ = {isa = PBXBuildFile; fileRef = 924DA4FE1E100F8A001B65EB /* RendererViewController.m */; };
		924DA5021E1095DC001B65EB /* lowres_core.c in Sources */ = {isa = PBXBuildFile; fileRef = 924DA5001E1095DC001B65EB /* lowres_core.c */; };
		9272ADA41E8EE59300C4A7B6 /* cmd_memory.c in Sources */ = {isa = PBXBuildFile; fileRef = 9272ADA21E8EE59300C4A7B6 /* cmd_memory.c */; };
		927838CD1DF5F50300035E0D /* main.m in Sources */ = {isa = PBXBuildFile; fileRef = 927838CC1DF5F50300035E0D /* main.m */; };
		927838D01DF5F50300035E0D /* AppDelegate.m in Sources */ = {isa = PBXBuildFile; fileRef = 927838CF1DF5F50300035E0D /* AppDelegate.m */; };
		927838D31DF5F50300035E0D /* ViewController.m in Sources */ = {isa = PBXBuildFile; fileRef = 927838D21DF5F50300035E0D /* ViewController.m */; };
		927838D61DF5F50300035E0D /* Main.storyboard in Resources */ = {isa = PBXBuildFile; fileRef = 927838D41DF5F50300035E0D /* Main.storyboard */; };
		927838D81DF5F50300035E0D /* Assets.xcassets in Resources */ = {isa = PBXBuildFile; fileRef = 927838D71DF5F50300035E0D /* Assets.xcassets */; };
		927838DB1DF5F50300035E0D /* LaunchScreen.storyboard in Resources */ = {isa = PBXBuildFile; fileRef = 927838D91DF5F50300035E0D /* LaunchScreen.storyboard */; };
		929D20661E2B9961001FF319 /* interpreter.c in Sources */ = {isa = PBXBuildFile; fileRef = 929D20641E2B9961001FF319 /* interpreter.c */; };
		92D4FD541E34F1CB0068321E /* machine.c in Sources */ = {isa = PBXBuildFile; fileRef = 92D4FD521E34F1CB0068321E /* machine.c */; };
		92D6CA701E7EFF5A006F21C5 /* cmd_strings.c in Sources */ = {isa = PBXBuildFile; fileRef = 92D6CA6E1E7EFF5A006F21C5 /* cmd_strings.c */; };
		92DC7B6E1E81B88700BC9CBB /* cmd_data.c in Sources */ = {isa = PBXBuildFile; fileRef = 92DC7B6C1E81B88700BC9CBB /* cmd_data.c */; };
		92E9EACC1E7C5714009DA598 /* rcstring.c in Sources */ = {isa = PBXBuildFile; fileRef = 92E9EACA1E7C5714009DA598 /* rcstring.c */; };
		92ECD9E91E845D0A00FABD33 /* variables.c in Sources */ = {isa = PBXBuildFile; fileRef = 92ECD9E71E845D0A00FABD33 /* variables.c */; };
		92ECD9ED1E845F2900FABD33 /* labels.c in Sources */ = {isa = PBXBuildFile; fileRef = 92ECD9EB1E845F2900FABD33 /* labels.c */; };
		92ECD9F01E84636A00FABD33 /* data.c in Sources */ = {isa = PBXBuildFile; fileRef = 92ECD9EE1E84636A00FABD33 /* data.c */; };
		92F00CB91E226F110027C9F6 /* character_rom.c in Sources */ = {isa = PBXBuildFile; fileRef = 92F00CB51E226F110027C9F6 /* character_rom.c */; };
		92F00CBA1E226F110027C9F6 /* video_interface.c in Sources */ = {isa = PBXBuildFile; fileRef = 92F00CB71E226F110027C9F6 /* video_interface.c */; };
		92F00CBC1E226F510027C9F6 /* audio_interface.c in Sources */ = {isa = PBXBuildFile; fileRef = 92F00CBB1E226F510027C9F6 /* audio_interface.c */; };
		92F00CBF1E226FF40027C9F6 /* text_lib.c in Sources */ = {isa = PBXBuildFile; fileRef = 92F00CBD1E226FF40027C9F6 /* text_lib.c */; };
		92F6A92D1E9003CD00A3F652 /* big_endian.c in Sources */ = {isa = PBXBuildFile; fileRef = 92F6A92B1E9003CD00A3F652 /* big_endian.c */; };
		92FCE7301E9582D60099C80E /* cmd_maths.c in Sources */ = {isa = PBXBuildFile; fileRef = 92FCE72E1E9582D60099C80E /* cmd_maths.c */; };
/* End PBXBuildFile section */

/* Begin PBXFileReference section */
		9208F7541E2D5D8800C179D3 /* bas */ = {isa = PBXFileReference; lastKnownFileType = folder; path = bas; sourceTree = "<group>"; };
		921393D51E296BD200940DBC /* io_interface.h */ = {isa = PBXFileReference; lastKnownFileType = sourcecode.c.h; path = io_interface.h; sourceTree = "<group>"; };
		9219E1E61E6E038000C13BB3 /* token.c */ = {isa = PBXFileReference; fileEncoding = 4; lastKnownFileType = sourcecode.c.c; path = token.c; sourceTree = "<group>"; };
		9219E1E71E6E038000C13BB3 /* token.h */ = {isa = PBXFileReference; fileEncoding = 4; lastKnownFileType = sourcecode.c.h; path = token.h; sourceTree = "<group>"; };
		9219E1E91E6E044700C13BB3 /* error.c */ = {isa = PBXFileReference; fileEncoding = 4; lastKnownFileType = sourcecode.c.c; path = error.c; sourceTree = "<group>"; };
		9219E1EA1E6E044700C13BB3 /* error.h */ = {isa = PBXFileReference; fileEncoding = 4; lastKnownFileType = sourcecode.c.h; path = error.h; sourceTree = "<group>"; };
		9219E1EC1E6E04F600C13BB3 /* value.c */ = {isa = PBXFileReference; fileEncoding = 4; lastKnownFileType = sourcecode.c.c; path = value.c; sourceTree = "<group>"; };
		9219E1ED1E6E04F600C13BB3 /* value.h */ = {isa = PBXFileReference; fileEncoding = 4; lastKnownFileType = sourcecode.c.h; path = value.h; sourceTree = "<group>"; };
		9219E1F21E6E0BF600C13BB3 /* cmd_text.c */ = {isa = PBXFileReference; fileEncoding = 4; lastKnownFileType = sourcecode.c.c; path = cmd_text.c; sourceTree = "<group>"; };
		9219E1F31E6E0BF600C13BB3 /* cmd_text.h */ = {isa = PBXFileReference; fileEncoding = 4; lastKnownFileType = sourcecode.c.h; path = cmd_text.h; sourceTree = "<group>"; };
		9219E1F51E6E0C5600C13BB3 /* cmd_control.c */ = {isa = PBXFileReference; fileEncoding = 4; lastKnownFileType = sourcecode.c.c; path = cmd_control.c; sourceTree = "<group>"; };
		9219E1F61E6E0C5600C13BB3 /* cmd_control.h */ = {isa = PBXFileReference; fileEncoding = 4; lastKnownFileType = sourcecode.c.h; path = cmd_control.h; sourceTree = "<group>"; };
		9219E1F81E6E10F900C13BB3 /* cmd_variables.c */ = {isa = PBXFileReference; fileEncoding = 4; lastKnownFileType = sourcecode.c.c; path = cmd_variables.c; sourceTree = "<group>"; };
		9219E1F91E6E10F900C13BB3 /* cmd_variables.h */ = {isa = PBXFileReference; fileEncoding = 4; lastKnownFileType = sourcecode.c.h; path = cmd_variables.h; sourceTree = "<group>"; };
		924DA4FD1E100F8A001B65EB /* RendererViewController.h */ = {isa = PBXFileReference; fileEncoding = 4; lastKnownFileType = sourcecode.c.h; path = RendererViewController.h; sourceTree = "<group>"; };
		924DA4FE1E100F8A001B65EB /* RendererViewController.m */ = {isa = PBXFileReference; fileEncoding = 4; lastKnownFileType = sourcecode.c.objc; path = RendererViewController.m; sourceTree = "<group>"; };
		924DA5001E1095DC001B65EB /* lowres_core.c */ = {isa = PBXFileReference; fileEncoding = 4; lastKnownFileType = sourcecode.c.c; path = lowres_core.c; sourceTree = "<group>"; };
		924DA5011E1095DC001B65EB /* lowres_core.h */ = {isa = PBXFileReference; fileEncoding = 4; lastKnownFileType = sourcecode.c.h; path = lowres_core.h; sourceTree = "<group>"; };
		9272ADA21E8EE59300C4A7B6 /* cmd_memory.c */ = {isa = PBXFileReference; fileEncoding = 4; lastKnownFileType = sourcecode.c.c; path = cmd_memory.c; sourceTree = "<group>"; };
		9272ADA31E8EE59300C4A7B6 /* cmd_memory.h */ = {isa = PBXFileReference; fileEncoding = 4; lastKnownFileType = sourcecode.c.h; path = cmd_memory.h; sourceTree = "<group>"; };
		927838C81DF5F50300035E0D /* LowRes Core.app */ = {isa = PBXFileReference; explicitFileType = wrapper.application; includeInIndex = 0; path = "LowRes Core.app"; sourceTree = BUILT_PRODUCTS_DIR; };
		927838CC1DF5F50300035E0D /* main.m */ = {isa = PBXFileReference; lastKnownFileType = sourcecode.c.objc; path = main.m; sourceTree = "<group>"; };
		927838CE1DF5F50300035E0D /* AppDelegate.h */ = {isa = PBXFileReference; lastKnownFileType = sourcecode.c.h; path = AppDelegate.h; sourceTree = "<group>"; };
		927838CF1DF5F50300035E0D /* AppDelegate.m */ = {isa = PBXFileReference; lastKnownFileType = sourcecode.c.objc; path = AppDelegate.m; sourceTree = "<group>"; };
		927838D11DF5F50300035E0D /* ViewController.h */ = {isa = PBXFileReference; lastKnownFileType = sourcecode.c.h; path = ViewController.h; sourceTree = "<group>"; };
		927838D21DF5F50300035E0D /* ViewController.m */ = {isa = PBXFileReference; lastKnownFileType = sourcecode.c.objc; path = ViewController.m; sourceTree = "<group>"; };
		927838D71DF5F50300035E0D /* Assets.xcassets */ = {isa = PBXFileReference; lastKnownFileType = folder.assetcatalog; path = Assets.xcassets; sourceTree = "<group>"; };
		927838DC1DF5F50300035E0D /* Info.plist */ = {isa = PBXFileReference; lastKnownFileType = text.plist.xml; path = Info.plist; sourceTree = "<group>"; };
		927838E21DF5F51F00035E0D /* en */ = {isa = PBXFileReference; lastKnownFileType = file.storyboard; name = en; path = en.lproj/LaunchScreen.storyboard; sourceTree = "<group>"; };
		927838E31DF5F51F00035E0D /* en */ = {isa = PBXFileReference; lastKnownFileType = file.storyboard; name = en; path = en.lproj/Main.storyboard; sourceTree = "<group>"; };
		929D20641E2B9961001FF319 /* interpreter.c */ = {isa = PBXFileReference; fileEncoding = 4; lastKnownFileType = sourcecode.c.c; path = interpreter.c; sourceTree = "<group>"; };
		929D20651E2B9961001FF319 /* interpreter.h */ = {isa = PBXFileReference; fileEncoding = 4; lastKnownFileType = sourcecode.c.h; path = interpreter.h; sourceTree = "<group>"; };
		92D4FD521E34F1CB0068321E /* machine.c */ = {isa = PBXFileReference; fileEncoding = 4; lastKnownFileType = sourcecode.c.c; path = machine.c; sourceTree = "<group>"; };
		92D4FD531E34F1CB0068321E /* machine.h */ = {isa = PBXFileReference; fileEncoding = 4; lastKnownFileType = sourcecode.c.h; path = machine.h; sourceTree = "<group>"; };
		92D6CA6E1E7EFF5A006F21C5 /* cmd_strings.c */ = {isa = PBXFileReference; fileEncoding = 4; lastKnownFileType = sourcecode.c.c; path = cmd_strings.c; sourceTree = "<group>"; };
		92D6CA6F1E7EFF5A006F21C5 /* cmd_strings.h */ = {isa = PBXFileReference; fileEncoding = 4; lastKnownFileType = sourcecode.c.h; path = cmd_strings.h; sourceTree = "<group>"; };
		92DC7B6C1E81B88700BC9CBB /* cmd_data.c */ = {isa = PBXFileReference; fileEncoding = 4; lastKnownFileType = sourcecode.c.c; path = cmd_data.c; sourceTree = "<group>"; };
		92DC7B6D1E81B88700BC9CBB /* cmd_data.h */ = {isa = PBXFileReference; fileEncoding = 4; lastKnownFileType = sourcecode.c.h; path = cmd_data.h; sourceTree = "<group>"; };
		92E9EACA1E7C5714009DA598 /* rcstring.c */ = {isa = PBXFileReference; fileEncoding = 4; lastKnownFileType = sourcecode.c.c; path = rcstring.c; sourceTree = "<group>"; };
		92E9EACB1E7C5714009DA598 /* rcstring.h */ = {isa = PBXFileReference; fileEncoding = 4; lastKnownFileType = sourcecode.c.h; path = rcstring.h; sourceTree = "<group>"; };
		92ECD9E71E845D0A00FABD33 /* variables.c */ = {isa = PBXFileReference; fileEncoding = 4; lastKnownFileType = sourcecode.c.c; path = variables.c; sourceTree = "<group>"; };
		92ECD9E81E845D0A00FABD33 /* variables.h */ = {isa = PBXFileReference; fileEncoding = 4; lastKnownFileType = sourcecode.c.h; path = variables.h; sourceTree = "<group>"; };
		92ECD9EA1E845D9800FABD33 /* config.h */ = {isa = PBXFileReference; lastKnownFileType = sourcecode.c.h; path = config.h; sourceTree = "<group>"; };
		92ECD9EB1E845F2900FABD33 /* labels.c */ = {isa = PBXFileReference; fileEncoding = 4; lastKnownFileType = sourcecode.c.c; path = labels.c; sourceTree = "<group>"; };
		92ECD9EC1E845F2900FABD33 /* labels.h */ = {isa = PBXFileReference; fileEncoding = 4; lastKnownFileType = sourcecode.c.h; path = labels.h; sourceTree = "<group>"; };
		92ECD9EE1E84636A00FABD33 /* data.c */ = {isa = PBXFileReference; fileEncoding = 4; lastKnownFileType = sourcecode.c.c; path = data.c; sourceTree = "<group>"; };
		92ECD9EF1E84636A00FABD33 /* data.h */ = {isa = PBXFileReference; fileEncoding = 4; lastKnownFileType = sourcecode.c.h; path = data.h; sourceTree = "<group>"; };
		92F00CB41E226F110027C9F6 /* audio_interface.h */ = {isa = PBXFileReference; fileEncoding = 4; lastKnownFileType = sourcecode.c.h; path = audio_interface.h; sourceTree = "<group>"; };
		92F00CB51E226F110027C9F6 /* character_rom.c */ = {isa = PBXFileReference; fileEncoding = 4; lastKnownFileType = sourcecode.c.c; path = character_rom.c; sourceTree = "<group>"; };
		92F00CB61E226F110027C9F6 /* character_rom.h */ = {isa = PBXFileReference; fileEncoding = 4; lastKnownFileType = sourcecode.c.h; path = character_rom.h; sourceTree = "<group>"; };
		92F00CB71E226F110027C9F6 /* video_interface.c */ = {isa = PBXFileReference; fileEncoding = 4; lastKnownFileType = sourcecode.c.c; path = video_interface.c; sourceTree = "<group>"; };
		92F00CB81E226F110027C9F6 /* video_interface.h */ = {isa = PBXFileReference; fileEncoding = 4; lastKnownFileType = sourcecode.c.h; path = video_interface.h; sourceTree = "<group>"; };
		92F00CBB1E226F510027C9F6 /* audio_interface.c */ = {isa = PBXFileReference; fileEncoding = 4; lastKnownFileType = sourcecode.c.c; path = audio_interface.c; sourceTree = "<group>"; };
		92F00CBD1E226FF40027C9F6 /* text_lib.c */ = {isa = PBXFileReference; fileEncoding = 4; lastKnownFileType = sourcecode.c.c; path = text_lib.c; sourceTree = "<group>"; };
		92F00CBE1E226FF40027C9F6 /* text_lib.h */ = {isa = PBXFileReference; fileEncoding = 4; lastKnownFileType = sourcecode.c.h; path = text_lib.h; sourceTree = "<group>"; };
		92F6A92B1E9003CD00A3F652 /* big_endian.c */ = {isa = PBXFileReference; fileEncoding = 4; lastKnownFileType = sourcecode.c.c; path = big_endian.c; sourceTree = "<group>"; };
		92F6A92C1E9003CD00A3F652 /* big_endian.h */ = {isa = PBXFileReference; fileEncoding = 4; lastKnownFileType = sourcecode.c.h; path = big_endian.h; sourceTree = "<group>"; };
		92FCE72E1E9582D60099C80E /* cmd_maths.c */ = {isa = PBXFileReference; fileEncoding = 4; lastKnownFileType = sourcecode.c.c; path = cmd_maths.c; sourceTree = "<group>"; };
		92FCE72F1E9582D60099C80E /* cmd_maths.h */ = {isa = PBXFileReference; fileEncoding = 4; lastKnownFileType = sourcecode.c.h; path = cmd_maths.h; sourceTree = "<group>"; };
/* End PBXFileReference section */

/* Begin PBXFrameworksBuildPhase section */
		927838C51DF5F50200035E0D /* Frameworks */ = {
			isa = PBXFrameworksBuildPhase;
			buildActionMask = 2147483647;
			files = (
			);
			runOnlyForDeploymentPostprocessing = 0;
		};
/* End PBXFrameworksBuildPhase section */

/* Begin PBXGroup section */
		927838BF1DF5F50200035E0D = {
			isa = PBXGroup;
			children = (
				927838E61DF5F58F00035E0D /* core */,
				927838CA1DF5F50300035E0D /* LowRes Core iOS */,
				927838C91DF5F50300035E0D /* Products */,
			);
			sourceTree = "<group>";
		};
		927838C91DF5F50300035E0D /* Products */ = {
			isa = PBXGroup;
			children = (
				927838C81DF5F50300035E0D /* LowRes Core.app */,
			);
			name = Products;
			sourceTree = "<group>";
		};
		927838CA1DF5F50300035E0D /* LowRes Core iOS */ = {
			isa = PBXGroup;
			children = (
				927838CE1DF5F50300035E0D /* AppDelegate.h */,
				927838CF1DF5F50300035E0D /* AppDelegate.m */,
				927838D41DF5F50300035E0D /* Main.storyboard */,
				927838D11DF5F50300035E0D /* ViewController.h */,
				927838D21DF5F50300035E0D /* ViewController.m */,
				924DA4FD1E100F8A001B65EB /* RendererViewController.h */,
				924DA4FE1E100F8A001B65EB /* RendererViewController.m */,
				927838D71DF5F50300035E0D /* Assets.xcassets */,
				927838D91DF5F50300035E0D /* LaunchScreen.storyboard */,
				927838DC1DF5F50300035E0D /* Info.plist */,
				927838CB1DF5F50300035E0D /* Supporting Files */,
			);
			path = "LowRes Core iOS";
			sourceTree = "<group>";
		};
		927838CB1DF5F50300035E0D /* Supporting Files */ = {
			isa = PBXGroup;
			children = (
				927838CC1DF5F50300035E0D /* main.m */,
			);
			name = "Supporting Files";
			sourceTree = "<group>";
		};
		927838E61DF5F58F00035E0D /* core */ = {
			isa = PBXGroup;
			children = (
				9208F7541E2D5D8800C179D3 /* bas */,
				92F00CB31E226F110027C9F6 /* machine */,
				929D20631E2B89F2001FF319 /* interpreter */,
				92F00CB21E226F110027C9F6 /* libraries */,
				924DA5011E1095DC001B65EB /* lowres_core.h */,
				924DA5001E1095DC001B65EB /* lowres_core.c */,
			);
			name = core;
			path = ../../core;
			sourceTree = "<group>";
		};
		929D20631E2B89F2001FF319 /* interpreter */ = {
			isa = PBXGroup;
			children = (
				92ECD9EA1E845D9800FABD33 /* config.h */,
				929D20651E2B9961001FF319 /* interpreter.h */,
				929D20641E2B9961001FF319 /* interpreter.c */,
				9219E1E71E6E038000C13BB3 /* token.h */,
				9219E1E61E6E038000C13BB3 /* token.c */,
				9219E1EA1E6E044700C13BB3 /* error.h */,
				9219E1E91E6E044700C13BB3 /* error.c */,
				9219E1ED1E6E04F600C13BB3 /* value.h */,
				9219E1EC1E6E04F600C13BB3 /* value.c */,
				92ECD9E81E845D0A00FABD33 /* variables.h */,
				92ECD9E71E845D0A00FABD33 /* variables.c */,
				92ECD9EC1E845F2900FABD33 /* labels.h */,
				92ECD9EB1E845F2900FABD33 /* labels.c */,
				92ECD9EF1E84636A00FABD33 /* data.h */,
				92ECD9EE1E84636A00FABD33 /* data.c */,
				92E9EACB1E7C5714009DA598 /* rcstring.h */,
				92E9EACA1E7C5714009DA598 /* rcstring.c */,
				92F6A92C1E9003CD00A3F652 /* big_endian.h */,
				92F6A92B1E9003CD00A3F652 /* big_endian.c */,
				9219E1F61E6E0C5600C13BB3 /* cmd_control.h */,
				9219E1F51E6E0C5600C13BB3 /* cmd_control.c */,
				9219E1F91E6E10F900C13BB3 /* cmd_variables.h */,
				9219E1F81E6E10F900C13BB3 /* cmd_variables.c */,
				92DC7B6D1E81B88700BC9CBB /* cmd_data.h */,
				92DC7B6C1E81B88700BC9CBB /* cmd_data.c */,
				92D6CA6F1E7EFF5A006F21C5 /* cmd_strings.h */,
				92D6CA6E1E7EFF5A006F21C5 /* cmd_strings.c */,
				9272ADA31E8EE59300C4A7B6 /* cmd_memory.h */,
				9272ADA21E8EE59300C4A7B6 /* cmd_memory.c */,
				9219E1F31E6E0BF600C13BB3 /* cmd_text.h */,
				9219E1F21E6E0BF600C13BB3 /* cmd_text.c */,
				92FCE72F1E9582D60099C80E /* cmd_maths.h */,
				92FCE72E1E9582D60099C80E /* cmd_maths.c */,
			);
			path = interpreter;
			sourceTree = "<group>";
		};
		92F00CB21E226F110027C9F6 /* libraries */ = {
			isa = PBXGroup;
			children = (
				92F00CBE1E226FF40027C9F6 /* text_lib.h */,
				92F00CBD1E226FF40027C9F6 /* text_lib.c */,
			);
			path = libraries;
			sourceTree = "<group>";
		};
		92F00CB31E226F110027C9F6 /* machine */ = {
			isa = PBXGroup;
			children = (
				92D4FD531E34F1CB0068321E /* machine.h */,
				92D4FD521E34F1CB0068321E /* machine.c */,
				921393D51E296BD200940DBC /* io_interface.h */,
				92F00CB41E226F110027C9F6 /* audio_interface.h */,
				92F00CBB1E226F510027C9F6 /* audio_interface.c */,
				92F00CB81E226F110027C9F6 /* video_interface.h */,
				92F00CB71E226F110027C9F6 /* video_interface.c */,
				92F00CB61E226F110027C9F6 /* character_rom.h */,
				92F00CB51E226F110027C9F6 /* character_rom.c */,
			);
			path = machine;
			sourceTree = "<group>";
		};
/* End PBXGroup section */

/* Begin PBXNativeTarget section */
		927838C71DF5F50200035E0D /* LowRes Core */ = {
			isa = PBXNativeTarget;
			buildConfigurationList = 927838DF1DF5F50300035E0D /* Build configuration list for PBXNativeTarget "LowRes Core" */;
			buildPhases = (
				927838C41DF5F50200035E0D /* Sources */,
				927838C51DF5F50200035E0D /* Frameworks */,
				927838C61DF5F50200035E0D /* Resources */,
			);
			buildRules = (
			);
			dependencies = (
			);
			name = "LowRes Core";
			productName = "LowRes Core iOS";
			productReference = 927838C81DF5F50300035E0D /* LowRes Core.app */;
			productType = "com.apple.product-type.application";
		};
/* End PBXNativeTarget section */

/* Begin PBXProject section */
		927838C01DF5F50200035E0D /* Project object */ = {
			isa = PBXProject;
			attributes = {
				LastUpgradeCheck = 0810;
				ORGANIZATIONNAME = "Inutilis Software";
				TargetAttributes = {
					927838C71DF5F50200035E0D = {
						CreatedOnToolsVersion = 8.1;
						DevelopmentTeam = BZ4VC623NH;
						ProvisioningStyle = Automatic;
					};
				};
			};
			buildConfigurationList = 927838C31DF5F50200035E0D /* Build configuration list for PBXProject "LowRes Core iOS" */;
			compatibilityVersion = "Xcode 3.2";
			developmentRegion = English;
			hasScannedForEncodings = 0;
			knownRegions = (
				en,
			);
			mainGroup = 927838BF1DF5F50200035E0D;
			productRefGroup = 927838C91DF5F50300035E0D /* Products */;
			projectDirPath = "";
			projectRoot = "";
			targets = (
				927838C71DF5F50200035E0D /* LowRes Core */,
			);
		};
/* End PBXProject section */

/* Begin PBXResourcesBuildPhase section */
		927838C61DF5F50200035E0D /* Resources */ = {
			isa = PBXResourcesBuildPhase;
			buildActionMask = 2147483647;
			files = (
				927838DB1DF5F50300035E0D /* LaunchScreen.storyboard in Resources */,
				9208F7551E2D5D8800C179D3 /* bas in Resources */,
				927838D81DF5F50300035E0D /* Assets.xcassets in Resources */,
				927838D61DF5F50300035E0D /* Main.storyboard in Resources */,
			);
			runOnlyForDeploymentPostprocessing = 0;
		};
/* End PBXResourcesBuildPhase section */

/* Begin PBXSourcesBuildPhase section */
		927838C41DF5F50200035E0D /* Sources */ = {
			isa = PBXSourcesBuildPhase;
			buildActionMask = 2147483647;
			files = (
				929D20661E2B9961001FF319 /* interpreter.c in Sources */,
				9272ADA41E8EE59300C4A7B6 /* cmd_memory.c in Sources */,
				92FCE7301E9582D60099C80E /* cmd_maths.c in Sources */,
				92F00CB91E226F110027C9F6 /* character_rom.c in Sources */,
				9219E1F71E6E0C5600C13BB3 /* cmd_control.c in Sources */,
				92F00CBA1E226F110027C9F6 /* video_interface.c in Sources */,
				92ECD9ED1E845F2900FABD33 /* labels.c in Sources */,
				9219E1F41E6E0BF600C13BB3 /* cmd_text.c in Sources */,
				9219E1EB1E6E044700C13BB3 /* error.c in Sources */,
				92ECD9E91E845D0A00FABD33 /* variables.c in Sources */,
				92E9EACC1E7C5714009DA598 /* rcstring.c in Sources */,
				92D4FD541E34F1CB0068321E /* machine.c in Sources */,
				92DC7B6E1E81B88700BC9CBB /* cmd_data.c in Sources */,
				92F00CBF1E226FF40027C9F6 /* text_lib.c in Sources */,
				927838D31DF5F50300035E0D /* ViewController.m in Sources */,
				92F6A92D1E9003CD00A3F652 /* big_endian.c in Sources */,
				927838D01DF5F50300035E0D /* AppDelegate.m in Sources */,
				92F00CBC1E226F510027C9F6 /* audio_interface.c in Sources */,
				924DA5021E1095DC001B65EB /* lowres_core.c in Sources */,
				92ECD9F01E84636A00FABD33 /* data.c in Sources */,
				92D6CA701E7EFF5A006F21C5 /* cmd_strings.c in Sources */,
				9219E1E81E6E038000C13BB3 /* token.c in Sources */,
				924DA4FF1E100F8A001B65EB /* RendererViewController.m in Sources */,
				927838CD1DF5F50300035E0D /* main.m in Sources */,
				9219E1EE1E6E04F600C13BB3 /* value.c in Sources */,
				9219E1FA1E6E10F900C13BB3 /* cmd_variables.c in Sources */,
			);
			runOnlyForDeploymentPostprocessing = 0;
		};
/* End PBXSourcesBuildPhase section */

/* Begin PBXVariantGroup section */
		927838D41DF5F50300035E0D /* Main.storyboard */ = {
			isa = PBXVariantGroup;
			children = (
				927838E31DF5F51F00035E0D /* en */,
			);
			name = Main.storyboard;
			sourceTree = "<group>";
		};
		927838D91DF5F50300035E0D /* LaunchScreen.storyboard */ = {
			isa = PBXVariantGroup;
			children = (
				927838E21DF5F51F00035E0D /* en */,
			);
			name = LaunchScreen.storyboard;
			sourceTree = "<group>";
		};
/* End PBXVariantGroup section */

/* Begin XCBuildConfiguration section */
		927838DD1DF5F50300035E0D /* Debug */ = {
			isa = XCBuildConfiguration;
			buildSettings = {
				ALWAYS_SEARCH_USER_PATHS = NO;
				CLANG_ANALYZER_NONNULL = YES;
				CLANG_CXX_LANGUAGE_STANDARD = "gnu++0x";
				CLANG_CXX_LIBRARY = "libc++";
				CLANG_ENABLE_MODULES = YES;
				CLANG_ENABLE_OBJC_ARC = YES;
				CLANG_WARN_BOOL_CONVERSION = YES;
				CLANG_WARN_CONSTANT_CONVERSION = YES;
				CLANG_WARN_DIRECT_OBJC_ISA_USAGE = YES_ERROR;
				CLANG_WARN_DOCUMENTATION_COMMENTS = YES;
				CLANG_WARN_EMPTY_BODY = YES;
				CLANG_WARN_ENUM_CONVERSION = YES;
				CLANG_WARN_INFINITE_RECURSION = YES;
				CLANG_WARN_INT_CONVERSION = YES;
				CLANG_WARN_OBJC_ROOT_CLASS = YES_ERROR;
				CLANG_WARN_SUSPICIOUS_MOVES = YES;
				CLANG_WARN_UNREACHABLE_CODE = YES;
				CLANG_WARN__DUPLICATE_METHOD_MATCH = YES;
				"CODE_SIGN_IDENTITY[sdk=iphoneos*]" = "iPhone Developer";
				COPY_PHASE_STRIP = NO;
				DEBUG_INFORMATION_FORMAT = dwarf;
				ENABLE_STRICT_OBJC_MSGSEND = YES;
				ENABLE_TESTABILITY = YES;
				GCC_C_LANGUAGE_STANDARD = gnu99;
				GCC_DYNAMIC_NO_PIC = NO;
				GCC_NO_COMMON_BLOCKS = YES;
				GCC_OPTIMIZATION_LEVEL = 0;
				GCC_PREPROCESSOR_DEFINITIONS = (
					"DEBUG=1",
					"$(inherited)",
				);
				GCC_WARN_64_TO_32_BIT_CONVERSION = YES;
				GCC_WARN_ABOUT_RETURN_TYPE = YES_ERROR;
				GCC_WARN_UNDECLARED_SELECTOR = YES;
				GCC_WARN_UNINITIALIZED_AUTOS = YES_AGGRESSIVE;
				GCC_WARN_UNUSED_FUNCTION = YES;
				GCC_WARN_UNUSED_VARIABLE = YES;
				IPHONEOS_DEPLOYMENT_TARGET = 8.0;
				MTL_ENABLE_DEBUG_INFO = YES;
				ONLY_ACTIVE_ARCH = YES;
				SDKROOT = iphoneos;
				TARGETED_DEVICE_FAMILY = "1,2";
			};
			name = Debug;
		};
		927838DE1DF5F50300035E0D /* Release */ = {
			isa = XCBuildConfiguration;
			buildSettings = {
				ALWAYS_SEARCH_USER_PATHS = NO;
				CLANG_ANALYZER_NONNULL = YES;
				CLANG_CXX_LANGUAGE_STANDARD = "gnu++0x";
				CLANG_CXX_LIBRARY = "libc++";
				CLANG_ENABLE_MODULES = YES;
				CLANG_ENABLE_OBJC_ARC = YES;
				CLANG_WARN_BOOL_CONVERSION = YES;
				CLANG_WARN_CONSTANT_CONVERSION = YES;
				CLANG_WARN_DIRECT_OBJC_ISA_USAGE = YES_ERROR;
				CLANG_WARN_DOCUMENTATION_COMMENTS = YES;
				CLANG_WARN_EMPTY_BODY = YES;
				CLANG_WARN_ENUM_CONVERSION = YES;
				CLANG_WARN_INFINITE_RECURSION = YES;
				CLANG_WARN_INT_CONVERSION = YES;
				CLANG_WARN_OBJC_ROOT_CLASS = YES_ERROR;
				CLANG_WARN_SUSPICIOUS_MOVES = YES;
				CLANG_WARN_UNREACHABLE_CODE = YES;
				CLANG_WARN__DUPLICATE_METHOD_MATCH = YES;
				"CODE_SIGN_IDENTITY[sdk=iphoneos*]" = "iPhone Developer";
				COPY_PHASE_STRIP = NO;
				DEBUG_INFORMATION_FORMAT = "dwarf-with-dsym";
				ENABLE_NS_ASSERTIONS = NO;
				ENABLE_STRICT_OBJC_MSGSEND = YES;
				GCC_C_LANGUAGE_STANDARD = gnu99;
				GCC_NO_COMMON_BLOCKS = YES;
				GCC_WARN_64_TO_32_BIT_CONVERSION = YES;
				GCC_WARN_ABOUT_RETURN_TYPE = YES_ERROR;
				GCC_WARN_UNDECLARED_SELECTOR = YES;
				GCC_WARN_UNINITIALIZED_AUTOS = YES_AGGRESSIVE;
				GCC_WARN_UNUSED_FUNCTION = YES;
				GCC_WARN_UNUSED_VARIABLE = YES;
				IPHONEOS_DEPLOYMENT_TARGET = 8.0;
				MTL_ENABLE_DEBUG_INFO = NO;
				SDKROOT = iphoneos;
				TARGETED_DEVICE_FAMILY = "1,2";
				VALIDATE_PRODUCT = YES;
			};
			name = Release;
		};
		927838E01DF5F50300035E0D /* Debug */ = {
			isa = XCBuildConfiguration;
			buildSettings = {
				ASSETCATALOG_COMPILER_APPICON_NAME = AppIcon;
				DEVELOPMENT_TEAM = BZ4VC623NH;
				INFOPLIST_FILE = "LowRes Core iOS/Info.plist";
				LD_RUNPATH_SEARCH_PATHS = "$(inherited) @executable_path/Frameworks";
				PRODUCT_BUNDLE_IDENTIFIER = "com.inutilis.ios.LowRes-Core-iOS";
				PRODUCT_NAME = "$(TARGET_NAME)";
			};
			name = Debug;
		};
		927838E11DF5F50300035E0D /* Release */ = {
			isa = XCBuildConfiguration;
			buildSettings = {
				ASSETCATALOG_COMPILER_APPICON_NAME = AppIcon;
				DEVELOPMENT_TEAM = BZ4VC623NH;
				INFOPLIST_FILE = "LowRes Core iOS/Info.plist";
				LD_RUNPATH_SEARCH_PATHS = "$(inherited) @executable_path/Frameworks";
				PRODUCT_BUNDLE_IDENTIFIER = "com.inutilis.ios.LowRes-Core-iOS";
				PRODUCT_NAME = "$(TARGET_NAME)";
			};
			name = Release;
		};
/* End XCBuildConfiguration section */

/* Begin XCConfigurationList section */
		927838C31DF5F50200035E0D /* Build configuration list for PBXProject "LowRes Core iOS" */ = {
			isa = XCConfigurationList;
			buildConfigurations = (
				927838DD1DF5F50300035E0D /* Debug */,
				927838DE1DF5F50300035E0D /* Release */,
			);
			defaultConfigurationIsVisible = 0;
			defaultConfigurationName = Release;
		};
		927838DF1DF5F50300035E0D /* Build configuration list for PBXNativeTarget "LowRes Core" */ = {
			isa = XCConfigurationList;
			buildConfigurations = (
				927838E01DF5F50300035E0D /* Debug */,
				927838E11DF5F50300035E0D /* Release */,
			);
			defaultConfigurationIsVisible = 0;
			defaultConfigurationName = Release;
		};
/* End XCConfigurationList section */
	};
	rootObject = 927838C01DF5F50200035E0D /* Project object */;
}
