// !$*UTF8*$!
{
	archiveVersion = 1;
	classes = {
	};
	objectVersion = 50;
	objects = {

/* Begin PBXBuildFile section */
		921F986620DAD4DF0052F233 /* boot_intro.c in Sources */ = {isa = PBXBuildFile; fileRef = 921F986520DAD4DF0052F233 /* boot_intro.c */; };
		9287EAC920D85E4E000BBEB1 /* Assets.xcassets in Resources */ = {isa = PBXBuildFile; fileRef = 9287EAC820D85E4E000BBEB1 /* Assets.xcassets */; };
		9287EB2D20D85EEB000BBEB1 /* cmd_variables.c in Sources */ = {isa = PBXBuildFile; fileRef = 9287EADC20D85EEB000BBEB1 /* cmd_variables.c */; };
		9287EB2E20D85EEB000BBEB1 /* cmd_data.c in Sources */ = {isa = PBXBuildFile; fileRef = 9287EADD20D85EEB000BBEB1 /* cmd_data.c */; };
		9287EB2F20D85EEB000BBEB1 /* rcstring.c in Sources */ = {isa = PBXBuildFile; fileRef = 9287EADF20D85EEB000BBEB1 /* rcstring.c */; };
		9287EB3020D85EEB000BBEB1 /* cmd_background.c in Sources */ = {isa = PBXBuildFile; fileRef = 9287EAE120D85EEB000BBEB1 /* cmd_background.c */; };
		9287EB3120D85EEB000BBEB1 /* cmd_files.c in Sources */ = {isa = PBXBuildFile; fileRef = 9287EAE220D85EEB000BBEB1 /* cmd_files.c */; };
		9287EB3220D85EEB000BBEB1 /* cmd_control.c in Sources */ = {isa = PBXBuildFile; fileRef = 9287EAE420D85EEB000BBEB1 /* cmd_control.c */; };
		9287EB3320D85EEB000BBEB1 /* variables.c in Sources */ = {isa = PBXBuildFile; fileRef = 9287EAE620D85EEB000BBEB1 /* variables.c */; };
		9287EB3420D85EEB000BBEB1 /* token.c in Sources */ = {isa = PBXBuildFile; fileRef = 9287EAE920D85EEB000BBEB1 /* token.c */; };
		9287EB3520D85EEB000BBEB1 /* cmd_maths.c in Sources */ = {isa = PBXBuildFile; fileRef = 9287EAEA20D85EEB000BBEB1 /* cmd_maths.c */; };
		9287EB3620D85EEB000BBEB1 /* charsets.c in Sources */ = {isa = PBXBuildFile; fileRef = 9287EAEE20D85EEB000BBEB1 /* charsets.c */; };
		9287EB3720D85EEB000BBEB1 /* cmd_text.c in Sources */ = {isa = PBXBuildFile; fileRef = 9287EAEF20D85EEB000BBEB1 /* cmd_text.c */; };
		9287EB3820D85EEB000BBEB1 /* interpreter_utils.c in Sources */ = {isa = PBXBuildFile; fileRef = 9287EAF020D85EEB000BBEB1 /* interpreter_utils.c */; };
		9287EB3920D85EEB000BBEB1 /* labels.c in Sources */ = {isa = PBXBuildFile; fileRef = 9287EAF220D85EEB000BBEB1 /* labels.c */; };
		9287EB3A20D85EEB000BBEB1 /* error.c in Sources */ = {isa = PBXBuildFile; fileRef = 9287EAF520D85EEB000BBEB1 /* error.c */; };
		9287EB3B20D85EEB000BBEB1 /* cmd_memory.c in Sources */ = {isa = PBXBuildFile; fileRef = 9287EAF620D85EEB000BBEB1 /* cmd_memory.c */; };
		9287EB3C20D85EEB000BBEB1 /* cmd_strings.c in Sources */ = {isa = PBXBuildFile; fileRef = 9287EAF720D85EEB000BBEB1 /* cmd_strings.c */; };
		9287EB3D20D85EEB000BBEB1 /* string_utils.c in Sources */ = {isa = PBXBuildFile; fileRef = 9287EAFC20D85EEB000BBEB1 /* string_utils.c */; };
		9287EB3E20D85EEB000BBEB1 /* cmd_subs.c in Sources */ = {isa = PBXBuildFile; fileRef = 9287EAFD20D85EEB000BBEB1 /* cmd_subs.c */; };
		9287EB3F20D85EEB000BBEB1 /* cmd_io.c in Sources */ = {isa = PBXBuildFile; fileRef = 9287EAFF20D85EEB000BBEB1 /* cmd_io.c */; };
		9287EB4020D85EEB000BBEB1 /* interpreter.c in Sources */ = {isa = PBXBuildFile; fileRef = 9287EB0020D85EEB000BBEB1 /* interpreter.c */; };
		9287EB4120D85EEB000BBEB1 /* data.c in Sources */ = {isa = PBXBuildFile; fileRef = 9287EB0220D85EEB000BBEB1 /* data.c */; };
		9287EB4220D85EEB000BBEB1 /* cmd_sprites.c in Sources */ = {isa = PBXBuildFile; fileRef = 9287EB0420D85EEB000BBEB1 /* cmd_sprites.c */; };
		9287EB4320D85EEB000BBEB1 /* value.c in Sources */ = {isa = PBXBuildFile; fileRef = 9287EB0720D85EEB000BBEB1 /* value.c */; };
		9287EB4420D85EEB000BBEB1 /* cmd_screen.c in Sources */ = {isa = PBXBuildFile; fileRef = 9287EB0820D85EEB000BBEB1 /* cmd_screen.c */; };
		9287EB4520D85EEB000BBEB1 /* tokenizer.c in Sources */ = {isa = PBXBuildFile; fileRef = 9287EB0B20D85EEB000BBEB1 /* tokenizer.c */; };
		9287EB4620D85EEB000BBEB1 /* disk_drive.c in Sources */ = {isa = PBXBuildFile; fileRef = 9287EB0F20D85EEB000BBEB1 /* disk_drive.c */; };
		9287EB4720D85EEB000BBEB1 /* data_manager.c in Sources */ = {isa = PBXBuildFile; fileRef = 9287EB1220D85EEB000BBEB1 /* data_manager.c */; };
		9287EB4820D85EEB000BBEB1 /* sprites_lib.c in Sources */ = {isa = PBXBuildFile; fileRef = 9287EB1520D85EEB000BBEB1 /* sprites_lib.c */; };
		9287EB4920D85EEB000BBEB1 /* default_characters.c in Sources */ = {isa = PBXBuildFile; fileRef = 9287EB1A20D85EEB000BBEB1 /* default_characters.c */; };
		9287EB4A20D85EEB000BBEB1 /* startup_sequence.c in Sources */ = {isa = PBXBuildFile; fileRef = 9287EB1B20D85EEB000BBEB1 /* startup_sequence.c */; };
		9287EB4B20D85EEB000BBEB1 /* text_lib.c in Sources */ = {isa = PBXBuildFile; fileRef = 9287EB1C20D85EEB000BBEB1 /* text_lib.c */; };
		9287EB4C20D85EEB000BBEB1 /* core.c in Sources */ = {isa = PBXBuildFile; fileRef = 9287EB1E20D85EEB000BBEB1 /* core.c */; };
		9287EB4D20D85EEB000BBEB1 /* audio_chip.c in Sources */ = {isa = PBXBuildFile; fileRef = 9287EB2220D85EEB000BBEB1 /* audio_chip.c */; };
		9287EB4E20D85EEB000BBEB1 /* video_chip.c in Sources */ = {isa = PBXBuildFile; fileRef = 9287EB2420D85EEB000BBEB1 /* video_chip.c */; };
		9287EB4F20D85EEB000BBEB1 /* machine.c in Sources */ = {isa = PBXBuildFile; fileRef = 9287EB2520D85EEB000BBEB1 /* machine.c */; };
		9287EB5020D85EEB000BBEB1 /* overlay_data.c in Sources */ = {isa = PBXBuildFile; fileRef = 9287EB2820D85EEB000BBEB1 /* overlay_data.c */; };
		9287EB5120D85EEB000BBEB1 /* overlay.c in Sources */ = {isa = PBXBuildFile; fileRef = 9287EB2A20D85EEB000BBEB1 /* overlay.c */; };
		9287EB5220D85EEB000BBEB1 /* core_delegate.c in Sources */ = {isa = PBXBuildFile; fileRef = 9287EB2C20D85EEB000BBEB1 /* core_delegate.c */; };
		9287EB5620D85EF7000BBEB1 /* main_sdl.c in Sources */ = {isa = PBXBuildFile; fileRef = 9287EB5520D85EF7000BBEB1 /* main_sdl.c */; };
		9287EB5920D85F43000BBEB1 /* SDL2.framework in Frameworks */ = {isa = PBXBuildFile; fileRef = 9287EB5820D85F43000BBEB1 /* SDL2.framework */; };
/* End PBXBuildFile section */

/* Begin PBXFileReference section */
		921F986420DAD4DF0052F233 /* boot_intro.h */ = {isa = PBXFileReference; lastKnownFileType = sourcecode.c.h; path = boot_intro.h; sourceTree = "<group>"; };
		921F986520DAD4DF0052F233 /* boot_intro.c */ = {isa = PBXFileReference; lastKnownFileType = sourcecode.c.c; path = boot_intro.c; sourceTree = "<group>"; };
		9287EAC220D85E4D000BBEB1 /* LowRes NX macOS SDL.app */ = {isa = PBXFileReference; explicitFileType = wrapper.application; includeInIndex = 0; path = "LowRes NX macOS SDL.app"; sourceTree = BUILT_PRODUCTS_DIR; };
		9287EAC820D85E4E000BBEB1 /* Assets.xcassets */ = {isa = PBXFileReference; lastKnownFileType = folder.assetcatalog; path = Assets.xcassets; sourceTree = "<group>"; };
		9287EACD20D85E4E000BBEB1 /* Info.plist */ = {isa = PBXFileReference; lastKnownFileType = text.plist.xml; path = Info.plist; sourceTree = "<group>"; };
		9287EAD020D85E4E000BBEB1 /* LowRes_NX_macOS_SDL.entitlements */ = {isa = PBXFileReference; lastKnownFileType = text.plist.entitlements; path = LowRes_NX_macOS_SDL.entitlements; sourceTree = "<group>"; };
		9287EADA20D85EEB000BBEB1 /* cmd_memory.h */ = {isa = PBXFileReference; fileEncoding = 4; lastKnownFileType = sourcecode.c.h; path = cmd_memory.h; sourceTree = "<group>"; };
		9287EADB20D85EEB000BBEB1 /* error.h */ = {isa = PBXFileReference; fileEncoding = 4; lastKnownFileType = sourcecode.c.h; path = error.h; sourceTree = "<group>"; };
		9287EADC20D85EEB000BBEB1 /* cmd_variables.c */ = {isa = PBXFileReference; fileEncoding = 4; lastKnownFileType = sourcecode.c.c; path = cmd_variables.c; sourceTree = "<group>"; };
		9287EADD20D85EEB000BBEB1 /* cmd_data.c */ = {isa = PBXFileReference; fileEncoding = 4; lastKnownFileType = sourcecode.c.c; path = cmd_data.c; sourceTree = "<group>"; };
		9287EADE20D85EEB000BBEB1 /* string_utils.h */ = {isa = PBXFileReference; fileEncoding = 4; lastKnownFileType = sourcecode.c.h; path = string_utils.h; sourceTree = "<group>"; };
		9287EADF20D85EEB000BBEB1 /* rcstring.c */ = {isa = PBXFileReference; fileEncoding = 4; lastKnownFileType = sourcecode.c.c; path = rcstring.c; sourceTree = "<group>"; };
		9287EAE020D85EEB000BBEB1 /* cmd_subs.h */ = {isa = PBXFileReference; fileEncoding = 4; lastKnownFileType = sourcecode.c.h; path = cmd_subs.h; sourceTree = "<group>"; };
		9287EAE120D85EEB000BBEB1 /* cmd_background.c */ = {isa = PBXFileReference; fileEncoding = 4; lastKnownFileType = sourcecode.c.c; path = cmd_background.c; sourceTree = "<group>"; };
		9287EAE220D85EEB000BBEB1 /* cmd_files.c */ = {isa = PBXFileReference; fileEncoding = 4; lastKnownFileType = sourcecode.c.c; path = cmd_files.c; sourceTree = "<group>"; };
		9287EAE320D85EEB000BBEB1 /* cmd_strings.h */ = {isa = PBXFileReference; fileEncoding = 4; lastKnownFileType = sourcecode.c.h; path = cmd_strings.h; sourceTree = "<group>"; };
		9287EAE420D85EEB000BBEB1 /* cmd_control.c */ = {isa = PBXFileReference; fileEncoding = 4; lastKnownFileType = sourcecode.c.c; path = cmd_control.c; sourceTree = "<group>"; };
		9287EAE520D85EEB000BBEB1 /* data.h */ = {isa = PBXFileReference; fileEncoding = 4; lastKnownFileType = sourcecode.c.h; path = data.h; sourceTree = "<group>"; };
		9287EAE620D85EEB000BBEB1 /* variables.c */ = {isa = PBXFileReference; fileEncoding = 4; lastKnownFileType = sourcecode.c.c; path = variables.c; sourceTree = "<group>"; };
		9287EAE720D85EEB000BBEB1 /* interpreter.h */ = {isa = PBXFileReference; fileEncoding = 4; lastKnownFileType = sourcecode.c.h; path = interpreter.h; sourceTree = "<group>"; };
		9287EAE820D85EEB000BBEB1 /* cmd_io.h */ = {isa = PBXFileReference; fileEncoding = 4; lastKnownFileType = sourcecode.c.h; path = cmd_io.h; sourceTree = "<group>"; };
		9287EAE920D85EEB000BBEB1 /* token.c */ = {isa = PBXFileReference; fileEncoding = 4; lastKnownFileType = sourcecode.c.c; path = token.c; sourceTree = "<group>"; };
		9287EAEA20D85EEB000BBEB1 /* cmd_maths.c */ = {isa = PBXFileReference; fileEncoding = 4; lastKnownFileType = sourcecode.c.c; path = cmd_maths.c; sourceTree = "<group>"; };
		9287EAEB20D85EEB000BBEB1 /* tokenizer.h */ = {isa = PBXFileReference; fileEncoding = 4; lastKnownFileType = sourcecode.c.h; path = tokenizer.h; sourceTree = "<group>"; };
		9287EAEC20D85EEB000BBEB1 /* cmd_screen.h */ = {isa = PBXFileReference; fileEncoding = 4; lastKnownFileType = sourcecode.c.h; path = cmd_screen.h; sourceTree = "<group>"; };
		9287EAED20D85EEB000BBEB1 /* value.h */ = {isa = PBXFileReference; fileEncoding = 4; lastKnownFileType = sourcecode.c.h; path = value.h; sourceTree = "<group>"; };
		9287EAEE20D85EEB000BBEB1 /* charsets.c */ = {isa = PBXFileReference; fileEncoding = 4; lastKnownFileType = sourcecode.c.c; path = charsets.c; sourceTree = "<group>"; };
		9287EAEF20D85EEB000BBEB1 /* cmd_text.c */ = {isa = PBXFileReference; fileEncoding = 4; lastKnownFileType = sourcecode.c.c; path = cmd_text.c; sourceTree = "<group>"; };
		9287EAF020D85EEB000BBEB1 /* interpreter_utils.c */ = {isa = PBXFileReference; fileEncoding = 4; lastKnownFileType = sourcecode.c.c; path = interpreter_utils.c; sourceTree = "<group>"; };
		9287EAF120D85EEB000BBEB1 /* cmd_sprites.h */ = {isa = PBXFileReference; fileEncoding = 4; lastKnownFileType = sourcecode.c.h; path = cmd_sprites.h; sourceTree = "<group>"; };
		9287EAF220D85EEB000BBEB1 /* labels.c */ = {isa = PBXFileReference; fileEncoding = 4; lastKnownFileType = sourcecode.c.c; path = labels.c; sourceTree = "<group>"; };
		9287EAF320D85EEB000BBEB1 /* cmd_data.h */ = {isa = PBXFileReference; fileEncoding = 4; lastKnownFileType = sourcecode.c.h; path = cmd_data.h; sourceTree = "<group>"; };
		9287EAF420D85EEB000BBEB1 /* cmd_variables.h */ = {isa = PBXFileReference; fileEncoding = 4; lastKnownFileType = sourcecode.c.h; path = cmd_variables.h; sourceTree = "<group>"; };
		9287EAF520D85EEB000BBEB1 /* error.c */ = {isa = PBXFileReference; fileEncoding = 4; lastKnownFileType = sourcecode.c.c; path = error.c; sourceTree = "<group>"; };
		9287EAF620D85EEB000BBEB1 /* cmd_memory.c */ = {isa = PBXFileReference; fileEncoding = 4; lastKnownFileType = sourcecode.c.c; path = cmd_memory.c; sourceTree = "<group>"; };
		9287EAF720D85EEB000BBEB1 /* cmd_strings.c */ = {isa = PBXFileReference; fileEncoding = 4; lastKnownFileType = sourcecode.c.c; path = cmd_strings.c; sourceTree = "<group>"; };
		9287EAF820D85EEB000BBEB1 /* cmd_control.h */ = {isa = PBXFileReference; fileEncoding = 4; lastKnownFileType = sourcecode.c.h; path = cmd_control.h; sourceTree = "<group>"; };
		9287EAF920D85EEB000BBEB1 /* cmd_files.h */ = {isa = PBXFileReference; fileEncoding = 4; lastKnownFileType = sourcecode.c.h; path = cmd_files.h; sourceTree = "<group>"; };
		9287EAFA20D85EEB000BBEB1 /* cmd_background.h */ = {isa = PBXFileReference; fileEncoding = 4; lastKnownFileType = sourcecode.c.h; path = cmd_background.h; sourceTree = "<group>"; };
		9287EAFB20D85EEB000BBEB1 /* rcstring.h */ = {isa = PBXFileReference; fileEncoding = 4; lastKnownFileType = sourcecode.c.h; path = rcstring.h; sourceTree = "<group>"; };
		9287EAFC20D85EEB000BBEB1 /* string_utils.c */ = {isa = PBXFileReference; fileEncoding = 4; lastKnownFileType = sourcecode.c.c; path = string_utils.c; sourceTree = "<group>"; };
		9287EAFD20D85EEB000BBEB1 /* cmd_subs.c */ = {isa = PBXFileReference; fileEncoding = 4; lastKnownFileType = sourcecode.c.c; path = cmd_subs.c; sourceTree = "<group>"; };
		9287EAFE20D85EEB000BBEB1 /* token.h */ = {isa = PBXFileReference; fileEncoding = 4; lastKnownFileType = sourcecode.c.h; path = token.h; sourceTree = "<group>"; };
		9287EAFF20D85EEB000BBEB1 /* cmd_io.c */ = {isa = PBXFileReference; fileEncoding = 4; lastKnownFileType = sourcecode.c.c; path = cmd_io.c; sourceTree = "<group>"; };
		9287EB0020D85EEB000BBEB1 /* interpreter.c */ = {isa = PBXFileReference; fileEncoding = 4; lastKnownFileType = sourcecode.c.c; path = interpreter.c; sourceTree = "<group>"; };
		9287EB0120D85EEB000BBEB1 /* variables.h */ = {isa = PBXFileReference; fileEncoding = 4; lastKnownFileType = sourcecode.c.h; path = variables.h; sourceTree = "<group>"; };
		9287EB0220D85EEB000BBEB1 /* data.c */ = {isa = PBXFileReference; fileEncoding = 4; lastKnownFileType = sourcecode.c.c; path = data.c; sourceTree = "<group>"; };
		9287EB0320D85EEB000BBEB1 /* interpreter_config.h */ = {isa = PBXFileReference; fileEncoding = 4; lastKnownFileType = sourcecode.c.h; path = interpreter_config.h; sourceTree = "<group>"; };
		9287EB0420D85EEB000BBEB1 /* cmd_sprites.c */ = {isa = PBXFileReference; fileEncoding = 4; lastKnownFileType = sourcecode.c.c; path = cmd_sprites.c; sourceTree = "<group>"; };
		9287EB0520D85EEB000BBEB1 /* labels.h */ = {isa = PBXFileReference; fileEncoding = 4; lastKnownFileType = sourcecode.c.h; path = labels.h; sourceTree = "<group>"; };
		9287EB0620D85EEB000BBEB1 /* charsets.h */ = {isa = PBXFileReference; fileEncoding = 4; lastKnownFileType = sourcecode.c.h; path = charsets.h; sourceTree = "<group>"; };
		9287EB0720D85EEB000BBEB1 /* value.c */ = {isa = PBXFileReference; fileEncoding = 4; lastKnownFileType = sourcecode.c.c; path = value.c; sourceTree = "<group>"; };
		9287EB0820D85EEB000BBEB1 /* cmd_screen.c */ = {isa = PBXFileReference; fileEncoding = 4; lastKnownFileType = sourcecode.c.c; path = cmd_screen.c; sourceTree = "<group>"; };
		9287EB0920D85EEB000BBEB1 /* interpreter_utils.h */ = {isa = PBXFileReference; fileEncoding = 4; lastKnownFileType = sourcecode.c.h; path = interpreter_utils.h; sourceTree = "<group>"; };
		9287EB0A20D85EEB000BBEB1 /* cmd_text.h */ = {isa = PBXFileReference; fileEncoding = 4; lastKnownFileType = sourcecode.c.h; path = cmd_text.h; sourceTree = "<group>"; };
		9287EB0B20D85EEB000BBEB1 /* tokenizer.c */ = {isa = PBXFileReference; fileEncoding = 4; lastKnownFileType = sourcecode.c.c; path = tokenizer.c; sourceTree = "<group>"; };
		9287EB0C20D85EEB000BBEB1 /* cmd_maths.h */ = {isa = PBXFileReference; fileEncoding = 4; lastKnownFileType = sourcecode.c.h; path = cmd_maths.h; sourceTree = "<group>"; };
		9287EB0D20D85EEB000BBEB1 /* core.h */ = {isa = PBXFileReference; fileEncoding = 4; lastKnownFileType = sourcecode.c.h; path = core.h; sourceTree = "<group>"; };
		9287EB0F20D85EEB000BBEB1 /* disk_drive.c */ = {isa = PBXFileReference; fileEncoding = 4; lastKnownFileType = sourcecode.c.c; path = disk_drive.c; sourceTree = "<group>"; };
		9287EB1020D85EEB000BBEB1 /* disk_drive.h */ = {isa = PBXFileReference; fileEncoding = 4; lastKnownFileType = sourcecode.c.h; path = disk_drive.h; sourceTree = "<group>"; };
		9287EB1220D85EEB000BBEB1 /* data_manager.c */ = {isa = PBXFileReference; fileEncoding = 4; lastKnownFileType = sourcecode.c.c; path = data_manager.c; sourceTree = "<group>"; };
		9287EB1320D85EEB000BBEB1 /* data_manager.h */ = {isa = PBXFileReference; fileEncoding = 4; lastKnownFileType = sourcecode.c.h; path = data_manager.h; sourceTree = "<group>"; };
		9287EB1520D85EEB000BBEB1 /* sprites_lib.c */ = {isa = PBXFileReference; fileEncoding = 4; lastKnownFileType = sourcecode.c.c; path = sprites_lib.c; sourceTree = "<group>"; };
		9287EB1620D85EEB000BBEB1 /* default_characters.h */ = {isa = PBXFileReference; fileEncoding = 4; lastKnownFileType = sourcecode.c.h; path = default_characters.h; sourceTree = "<group>"; };
		9287EB1720D85EEB000BBEB1 /* startup_sequence.h */ = {isa = PBXFileReference; fileEncoding = 4; lastKnownFileType = sourcecode.c.h; path = startup_sequence.h; sourceTree = "<group>"; };
		9287EB1820D85EEB000BBEB1 /* text_lib.h */ = {isa = PBXFileReference; fileEncoding = 4; lastKnownFileType = sourcecode.c.h; path = text_lib.h; sourceTree = "<group>"; };
		9287EB1920D85EEB000BBEB1 /* sprites_lib.h */ = {isa = PBXFileReference; fileEncoding = 4; lastKnownFileType = sourcecode.c.h; path = sprites_lib.h; sourceTree = "<group>"; };
		9287EB1A20D85EEB000BBEB1 /* default_characters.c */ = {isa = PBXFileReference; fileEncoding = 4; lastKnownFileType = sourcecode.c.c; path = default_characters.c; sourceTree = "<group>"; };
		9287EB1B20D85EEB000BBEB1 /* startup_sequence.c */ = {isa = PBXFileReference; fileEncoding = 4; lastKnownFileType = sourcecode.c.c; path = startup_sequence.c; sourceTree = "<group>"; };
		9287EB1C20D85EEB000BBEB1 /* text_lib.c */ = {isa = PBXFileReference; fileEncoding = 4; lastKnownFileType = sourcecode.c.c; path = text_lib.c; sourceTree = "<group>"; };
		9287EB1D20D85EEB000BBEB1 /* core_delegate.h */ = {isa = PBXFileReference; fileEncoding = 4; lastKnownFileType = sourcecode.c.h; path = core_delegate.h; sourceTree = "<group>"; };
		9287EB1E20D85EEB000BBEB1 /* core.c */ = {isa = PBXFileReference; fileEncoding = 4; lastKnownFileType = sourcecode.c.c; path = core.c; sourceTree = "<group>"; };
		9287EB2020D85EEB000BBEB1 /* video_chip.h */ = {isa = PBXFileReference; fileEncoding = 4; lastKnownFileType = sourcecode.c.h; path = video_chip.h; sourceTree = "<group>"; };
		9287EB2120D85EEB000BBEB1 /* machine.h */ = {isa = PBXFileReference; fileEncoding = 4; lastKnownFileType = sourcecode.c.h; path = machine.h; sourceTree = "<group>"; };
		9287EB2220D85EEB000BBEB1 /* audio_chip.c */ = {isa = PBXFileReference; fileEncoding = 4; lastKnownFileType = sourcecode.c.c; path = audio_chip.c; sourceTree = "<group>"; };
		9287EB2320D85EEB000BBEB1 /* io_chip.h */ = {isa = PBXFileReference; fileEncoding = 4; lastKnownFileType = sourcecode.c.h; path = io_chip.h; sourceTree = "<group>"; };
		9287EB2420D85EEB000BBEB1 /* video_chip.c */ = {isa = PBXFileReference; fileEncoding = 4; lastKnownFileType = sourcecode.c.c; path = video_chip.c; sourceTree = "<group>"; };
		9287EB2520D85EEB000BBEB1 /* machine.c */ = {isa = PBXFileReference; fileEncoding = 4; lastKnownFileType = sourcecode.c.c; path = machine.c; sourceTree = "<group>"; };
		9287EB2620D85EEB000BBEB1 /* audio_chip.h */ = {isa = PBXFileReference; fileEncoding = 4; lastKnownFileType = sourcecode.c.h; path = audio_chip.h; sourceTree = "<group>"; };
		9287EB2820D85EEB000BBEB1 /* overlay_data.c */ = {isa = PBXFileReference; fileEncoding = 4; lastKnownFileType = sourcecode.c.c; path = overlay_data.c; sourceTree = "<group>"; };
		9287EB2920D85EEB000BBEB1 /* overlay.h */ = {isa = PBXFileReference; fileEncoding = 4; lastKnownFileType = sourcecode.c.h; path = overlay.h; sourceTree = "<group>"; };
		9287EB2A20D85EEB000BBEB1 /* overlay.c */ = {isa = PBXFileReference; fileEncoding = 4; lastKnownFileType = sourcecode.c.c; path = overlay.c; sourceTree = "<group>"; };
		9287EB2B20D85EEB000BBEB1 /* overlay_data.h */ = {isa = PBXFileReference; fileEncoding = 4; lastKnownFileType = sourcecode.c.h; path = overlay_data.h; sourceTree = "<group>"; };
		9287EB2C20D85EEB000BBEB1 /* core_delegate.c */ = {isa = PBXFileReference; fileEncoding = 4; lastKnownFileType = sourcecode.c.c; path = core_delegate.c; sourceTree = "<group>"; };
		9287EB5520D85EF7000BBEB1 /* main_sdl.c */ = {isa = PBXFileReference; fileEncoding = 4; lastKnownFileType = sourcecode.c.c; path = main_sdl.c; sourceTree = "<group>"; };
		9287EB5820D85F43000BBEB1 /* SDL2.framework */ = {isa = PBXFileReference; lastKnownFileType = wrapper.framework; name = SDL2.framework; path = ../../../../../../Library/Frameworks/SDL2.framework; sourceTree = "<group>"; };
/* End PBXFileReference section */

/* Begin PBXFrameworksBuildPhase section */
		9287EABF20D85E4D000BBEB1 /* Frameworks */ = {
			isa = PBXFrameworksBuildPhase;
			buildActionMask = 2147483647;
			files = (
				9287EB5920D85F43000BBEB1 /* SDL2.framework in Frameworks */,
			);
			runOnlyForDeploymentPostprocessing = 0;
		};
/* End PBXFrameworksBuildPhase section */

/* Begin PBXGroup section */
		9287EAB920D85E4D000BBEB1 = {
			isa = PBXGroup;
			children = (
				9287EAD820D85EEB000BBEB1 /* core */,
				9287EB5320D85EF7000BBEB1 /* sdl */,
				9287EAC420D85E4D000BBEB1 /* LowRes NX macOS SDL */,
				9287EAC320D85E4D000BBEB1 /* Products */,
				9287EB5720D85F43000BBEB1 /* Frameworks */,
			);
			sourceTree = "<group>";
		};
		9287EAC320D85E4D000BBEB1 /* Products */ = {
			isa = PBXGroup;
			children = (
				9287EAC220D85E4D000BBEB1 /* LowRes NX macOS SDL.app */,
			);
			name = Products;
			sourceTree = "<group>";
		};
		9287EAC420D85E4D000BBEB1 /* LowRes NX macOS SDL */ = {
			isa = PBXGroup;
			children = (
				9287EAC820D85E4E000BBEB1 /* Assets.xcassets */,
				9287EACD20D85E4E000BBEB1 /* Info.plist */,
				9287EAD020D85E4E000BBEB1 /* LowRes_NX_macOS_SDL.entitlements */,
			);
			path = "LowRes NX macOS SDL";
			sourceTree = "<group>";
		};
		9287EAD820D85EEB000BBEB1 /* core */ = {
			isa = PBXGroup;
			children = (
				9287EB2C20D85EEB000BBEB1 /* core_delegate.c */,
				9287EB1D20D85EEB000BBEB1 /* core_delegate.h */,
				9287EB1E20D85EEB000BBEB1 /* core.c */,
				9287EB0D20D85EEB000BBEB1 /* core.h */,
				9287EB0E20D85EEB000BBEB1 /* accessories */,
				9287EB1120D85EEB000BBEB1 /* datamanager */,
				9287EAD920D85EEB000BBEB1 /* interpreter */,
				9287EB1420D85EEB000BBEB1 /* libraries */,
				9287EB1F20D85EEB000BBEB1 /* machine */,
				9287EB2720D85EEB000BBEB1 /* overlay */,
			);
			name = core;
			path = ../../core;
			sourceTree = "<group>";
		};
		9287EAD920D85EEB000BBEB1 /* interpreter */ = {
			isa = PBXGroup;
			children = (
				9287EAEE20D85EEB000BBEB1 /* charsets.c */,
				9287EB0620D85EEB000BBEB1 /* charsets.h */,
				9287EAE120D85EEB000BBEB1 /* cmd_background.c */,
				9287EAFA20D85EEB000BBEB1 /* cmd_background.h */,
				9287EAE420D85EEB000BBEB1 /* cmd_control.c */,
				9287EAF820D85EEB000BBEB1 /* cmd_control.h */,
				9287EADD20D85EEB000BBEB1 /* cmd_data.c */,
				9287EAF320D85EEB000BBEB1 /* cmd_data.h */,
				9287EAE220D85EEB000BBEB1 /* cmd_files.c */,
				9287EAF920D85EEB000BBEB1 /* cmd_files.h */,
				9287EAFF20D85EEB000BBEB1 /* cmd_io.c */,
				9287EAE820D85EEB000BBEB1 /* cmd_io.h */,
				9287EAEA20D85EEB000BBEB1 /* cmd_maths.c */,
				9287EB0C20D85EEB000BBEB1 /* cmd_maths.h */,
				9287EAF620D85EEB000BBEB1 /* cmd_memory.c */,
				9287EADA20D85EEB000BBEB1 /* cmd_memory.h */,
				9287EB0820D85EEB000BBEB1 /* cmd_screen.c */,
				9287EAEC20D85EEB000BBEB1 /* cmd_screen.h */,
				9287EB0420D85EEB000BBEB1 /* cmd_sprites.c */,
				9287EAF120D85EEB000BBEB1 /* cmd_sprites.h */,
				9287EAF720D85EEB000BBEB1 /* cmd_strings.c */,
				9287EAE320D85EEB000BBEB1 /* cmd_strings.h */,
				9287EAFD20D85EEB000BBEB1 /* cmd_subs.c */,
				9287EAE020D85EEB000BBEB1 /* cmd_subs.h */,
				9287EAEF20D85EEB000BBEB1 /* cmd_text.c */,
				9287EB0A20D85EEB000BBEB1 /* cmd_text.h */,
				9287EADC20D85EEB000BBEB1 /* cmd_variables.c */,
				9287EAF420D85EEB000BBEB1 /* cmd_variables.h */,
				9287EB0220D85EEB000BBEB1 /* data.c */,
				9287EAE520D85EEB000BBEB1 /* data.h */,
				9287EAF520D85EEB000BBEB1 /* error.c */,
				9287EADB20D85EEB000BBEB1 /* error.h */,
				9287EB0320D85EEB000BBEB1 /* interpreter_config.h */,
				9287EAF020D85EEB000BBEB1 /* interpreter_utils.c */,
				9287EB0920D85EEB000BBEB1 /* interpreter_utils.h */,
				9287EB0020D85EEB000BBEB1 /* interpreter.c */,
				9287EAE720D85EEB000BBEB1 /* interpreter.h */,
				9287EAF220D85EEB000BBEB1 /* labels.c */,
				9287EB0520D85EEB000BBEB1 /* labels.h */,
				9287EADF20D85EEB000BBEB1 /* rcstring.c */,
				9287EAFB20D85EEB000BBEB1 /* rcstring.h */,
				9287EAFC20D85EEB000BBEB1 /* string_utils.c */,
				9287EADE20D85EEB000BBEB1 /* string_utils.h */,
				9287EAE920D85EEB000BBEB1 /* token.c */,
				9287EAFE20D85EEB000BBEB1 /* token.h */,
				9287EB0B20D85EEB000BBEB1 /* tokenizer.c */,
				9287EAEB20D85EEB000BBEB1 /* tokenizer.h */,
				9287EB0720D85EEB000BBEB1 /* value.c */,
				9287EAED20D85EEB000BBEB1 /* value.h */,
				9287EAE620D85EEB000BBEB1 /* variables.c */,
				9287EB0120D85EEB000BBEB1 /* variables.h */,
			);
			path = interpreter;
			sourceTree = "<group>";
		};
		9287EB0E20D85EEB000BBEB1 /* accessories */ = {
			isa = PBXGroup;
			children = (
				9287EB0F20D85EEB000BBEB1 /* disk_drive.c */,
				9287EB1020D85EEB000BBEB1 /* disk_drive.h */,
			);
			path = accessories;
			sourceTree = "<group>";
		};
		9287EB1120D85EEB000BBEB1 /* datamanager */ = {
			isa = PBXGroup;
			children = (
				9287EB1220D85EEB000BBEB1 /* data_manager.c */,
				9287EB1320D85EEB000BBEB1 /* data_manager.h */,
			);
			path = datamanager;
			sourceTree = "<group>";
		};
		9287EB1420D85EEB000BBEB1 /* libraries */ = {
			isa = PBXGroup;
			children = (
				9287EB1A20D85EEB000BBEB1 /* default_characters.c */,
				9287EB1620D85EEB000BBEB1 /* default_characters.h */,
				9287EB1520D85EEB000BBEB1 /* sprites_lib.c */,
				9287EB1920D85EEB000BBEB1 /* sprites_lib.h */,
				9287EB1B20D85EEB000BBEB1 /* startup_sequence.c */,
				9287EB1720D85EEB000BBEB1 /* startup_sequence.h */,
				9287EB1C20D85EEB000BBEB1 /* text_lib.c */,
				9287EB1820D85EEB000BBEB1 /* text_lib.h */,
			);
			path = libraries;
			sourceTree = "<group>";
		};
		9287EB1F20D85EEB000BBEB1 /* machine */ = {
			isa = PBXGroup;
			children = (
				9287EB2220D85EEB000BBEB1 /* audio_chip.c */,
				9287EB2620D85EEB000BBEB1 /* audio_chip.h */,
				9287EB2320D85EEB000BBEB1 /* io_chip.h */,
				9287EB2520D85EEB000BBEB1 /* machine.c */,
				9287EB2120D85EEB000BBEB1 /* machine.h */,
				9287EB2420D85EEB000BBEB1 /* video_chip.c */,
				9287EB2020D85EEB000BBEB1 /* video_chip.h */,
			);
			path = machine;
			sourceTree = "<group>";
		};
		9287EB2720D85EEB000BBEB1 /* overlay */ = {
			isa = PBXGroup;
			children = (
				9287EB2820D85EEB000BBEB1 /* overlay_data.c */,
				9287EB2B20D85EEB000BBEB1 /* overlay_data.h */,
				9287EB2A20D85EEB000BBEB1 /* overlay.c */,
				9287EB2920D85EEB000BBEB1 /* overlay.h */,
			);
			path = overlay;
			sourceTree = "<group>";
		};
		9287EB5320D85EF7000BBEB1 /* sdl */ = {
			isa = PBXGroup;
			children = (
				9287EB5520D85EF7000BBEB1 /* main_sdl.c */,
				921F986420DAD4DF0052F233 /* boot_intro.h */,
				921F986520DAD4DF0052F233 /* boot_intro.c */,
			);
			name = sdl;
			path = ../../sdl;
			sourceTree = "<group>";
		};
		9287EB5720D85F43000BBEB1 /* Frameworks */ = {
			isa = PBXGroup;
			children = (
				9287EB5820D85F43000BBEB1 /* SDL2.framework */,
			);
			name = Frameworks;
			sourceTree = "<group>";
		};
/* End PBXGroup section */

/* Begin PBXNativeTarget section */
		9287EAC120D85E4D000BBEB1 /* LowRes NX macOS SDL */ = {
			isa = PBXNativeTarget;
			buildConfigurationList = 9287EAD320D85E4E000BBEB1 /* Build configuration list for PBXNativeTarget "LowRes NX macOS SDL" */;
			buildPhases = (
				9287EABE20D85E4D000BBEB1 /* Sources */,
				9287EABF20D85E4D000BBEB1 /* Frameworks */,
				9287EAC020D85E4D000BBEB1 /* Resources */,
			);
			buildRules = (
			);
			dependencies = (
			);
			name = "LowRes NX macOS SDL";
			productName = "LowRes NX macOS SDL";
			productReference = 9287EAC220D85E4D000BBEB1 /* LowRes NX macOS SDL.app */;
			productType = "com.apple.product-type.application";
		};
/* End PBXNativeTarget section */

/* Begin PBXProject section */
		9287EABA20D85E4D000BBEB1 /* Project object */ = {
			isa = PBXProject;
			attributes = {
				LastUpgradeCheck = 0930;
				ORGANIZATIONNAME = "Inutilis Software";
				TargetAttributes = {
					9287EAC120D85E4D000BBEB1 = {
						CreatedOnToolsVersion = 9.3;
						SystemCapabilities = {
							com.apple.Sandbox = {
								enabled = 0;
							};
						};
					};
				};
			};
			buildConfigurationList = 9287EABD20D85E4D000BBEB1 /* Build configuration list for PBXProject "LowRes NX macOS SDL" */;
			compatibilityVersion = "Xcode 9.3";
			developmentRegion = en;
			hasScannedForEncodings = 0;
			knownRegions = (
				en,
				Base,
			);
			mainGroup = 9287EAB920D85E4D000BBEB1;
			productRefGroup = 9287EAC320D85E4D000BBEB1 /* Products */;
			projectDirPath = "";
			projectRoot = "";
			targets = (
				9287EAC120D85E4D000BBEB1 /* LowRes NX macOS SDL */,
			);
		};
/* End PBXProject section */

/* Begin PBXResourcesBuildPhase section */
		9287EAC020D85E4D000BBEB1 /* Resources */ = {
			isa = PBXResourcesBuildPhase;
			buildActionMask = 2147483647;
			files = (
				9287EAC920D85E4E000BBEB1 /* Assets.xcassets in Resources */,
			);
			runOnlyForDeploymentPostprocessing = 0;
		};
/* End PBXResourcesBuildPhase section */

/* Begin PBXSourcesBuildPhase section */
		9287EABE20D85E4D000BBEB1 /* Sources */ = {
			isa = PBXSourcesBuildPhase;
			buildActionMask = 2147483647;
			files = (
				9287EB3420D85EEB000BBEB1 /* token.c in Sources */,
				9287EB3220D85EEB000BBEB1 /* cmd_control.c in Sources */,
				9287EB2D20D85EEB000BBEB1 /* cmd_variables.c in Sources */,
				9287EB4020D85EEB000BBEB1 /* interpreter.c in Sources */,
				9287EB5020D85EEB000BBEB1 /* overlay_data.c in Sources */,
				9287EB4220D85EEB000BBEB1 /* cmd_sprites.c in Sources */,
				9287EB4120D85EEB000BBEB1 /* data.c in Sources */,
				9287EB2E20D85EEB000BBEB1 /* cmd_data.c in Sources */,
				9287EB3E20D85EEB000BBEB1 /* cmd_subs.c in Sources */,
				9287EB4520D85EEB000BBEB1 /* tokenizer.c in Sources */,
				9287EB4D20D85EEB000BBEB1 /* audio_chip.c in Sources */,
				9287EB5220D85EEB000BBEB1 /* core_delegate.c in Sources */,
				9287EB4A20D85EEB000BBEB1 /* startup_sequence.c in Sources */,
				9287EB4420D85EEB000BBEB1 /* cmd_screen.c in Sources */,
				9287EB4720D85EEB000BBEB1 /* data_manager.c in Sources */,
				9287EB2F20D85EEB000BBEB1 /* rcstring.c in Sources */,
				9287EB5120D85EEB000BBEB1 /* overlay.c in Sources */,
				921F986620DAD4DF0052F233 /* boot_intro.c in Sources */,
				9287EB3620D85EEB000BBEB1 /* charsets.c in Sources */,
				9287EB3F20D85EEB000BBEB1 /* cmd_io.c in Sources */,
				9287EB3520D85EEB000BBEB1 /* cmd_maths.c in Sources */,
				9287EB4C20D85EEB000BBEB1 /* core.c in Sources */,
				9287EB3320D85EEB000BBEB1 /* variables.c in Sources */,
				9287EB3C20D85EEB000BBEB1 /* cmd_strings.c in Sources */,
				9287EB3B20D85EEB000BBEB1 /* cmd_memory.c in Sources */,
				9287EB4920D85EEB000BBEB1 /* default_characters.c in Sources */,
				9287EB5620D85EF7000BBEB1 /* main_sdl.c in Sources */,
				9287EB4E20D85EEB000BBEB1 /* video_chip.c in Sources */,
				9287EB3A20D85EEB000BBEB1 /* error.c in Sources */,
				9287EB4B20D85EEB000BBEB1 /* text_lib.c in Sources */,
				9287EB4620D85EEB000BBEB1 /* disk_drive.c in Sources */,
				9287EB4F20D85EEB000BBEB1 /* machine.c in Sources */,
				9287EB3120D85EEB000BBEB1 /* cmd_files.c in Sources */,
				9287EB3920D85EEB000BBEB1 /* labels.c in Sources */,
				9287EB3D20D85EEB000BBEB1 /* string_utils.c in Sources */,
				9287EB3820D85EEB000BBEB1 /* interpreter_utils.c in Sources */,
				9287EB4320D85EEB000BBEB1 /* value.c in Sources */,
				9287EB4820D85EEB000BBEB1 /* sprites_lib.c in Sources */,
				9287EB3020D85EEB000BBEB1 /* cmd_background.c in Sources */,
				9287EB3720D85EEB000BBEB1 /* cmd_text.c in Sources */,
			);
			runOnlyForDeploymentPostprocessing = 0;
		};
/* End PBXSourcesBuildPhase section */

/* Begin XCBuildConfiguration section */
		9287EAD120D85E4E000BBEB1 /* Debug */ = {
			isa = XCBuildConfiguration;
			buildSettings = {
				ALWAYS_SEARCH_USER_PATHS = NO;
				CLANG_ANALYZER_NONNULL = YES;
				CLANG_ANALYZER_NUMBER_OBJECT_CONVERSION = YES_AGGRESSIVE;
				CLANG_CXX_LANGUAGE_STANDARD = "gnu++14";
				CLANG_CXX_LIBRARY = "libc++";
				CLANG_ENABLE_MODULES = YES;
				CLANG_ENABLE_OBJC_ARC = YES;
				CLANG_ENABLE_OBJC_WEAK = YES;
				CLANG_WARN_BLOCK_CAPTURE_AUTORELEASING = YES;
				CLANG_WARN_BOOL_CONVERSION = YES;
				CLANG_WARN_COMMA = YES;
				CLANG_WARN_CONSTANT_CONVERSION = YES;
				CLANG_WARN_DEPRECATED_OBJC_IMPLEMENTATIONS = YES;
				CLANG_WARN_DIRECT_OBJC_ISA_USAGE = YES_ERROR;
				CLANG_WARN_DOCUMENTATION_COMMENTS = YES;
				CLANG_WARN_EMPTY_BODY = YES;
				CLANG_WARN_ENUM_CONVERSION = YES;
				CLANG_WARN_INFINITE_RECURSION = YES;
				CLANG_WARN_INT_CONVERSION = YES;
				CLANG_WARN_NON_LITERAL_NULL_CONVERSION = YES;
				CLANG_WARN_OBJC_IMPLICIT_RETAIN_SELF = YES;
				CLANG_WARN_OBJC_LITERAL_CONVERSION = YES;
				CLANG_WARN_OBJC_ROOT_CLASS = YES_ERROR;
				CLANG_WARN_RANGE_LOOP_ANALYSIS = YES;
				CLANG_WARN_STRICT_PROTOTYPES = YES;
				CLANG_WARN_SUSPICIOUS_MOVE = YES;
				CLANG_WARN_UNGUARDED_AVAILABILITY = YES_AGGRESSIVE;
				CLANG_WARN_UNREACHABLE_CODE = YES;
				CLANG_WARN__DUPLICATE_METHOD_MATCH = YES;
				CODE_SIGN_IDENTITY = "Mac Developer";
				COPY_PHASE_STRIP = NO;
				DEBUG_INFORMATION_FORMAT = dwarf;
				ENABLE_STRICT_OBJC_MSGSEND = YES;
				ENABLE_TESTABILITY = YES;
				GCC_C_LANGUAGE_STANDARD = gnu11;
				GCC_DYNAMIC_NO_PIC = NO;
				GCC_NO_COMMON_BLOCKS = YES;
				GCC_OPTIMIZATION_LEVEL = 0;
				GCC_PREPROCESSOR_DEFINITIONS = (
					"DEBUG=1",
					"$(inherited)",
				);
				GCC_WARN_64_TO_32_BIT_CONVERSION = YES;
				GCC_WARN_ABOUT_RETURN_TYPE = YES_ERROR;
				GCC_WARN_UNDECLARED_SELECTOR = YES;
				GCC_WARN_UNINITIALIZED_AUTOS = YES_AGGRESSIVE;
				GCC_WARN_UNUSED_FUNCTION = YES;
				GCC_WARN_UNUSED_VARIABLE = YES;
				MACOSX_DEPLOYMENT_TARGET = 10.13;
				MTL_ENABLE_DEBUG_INFO = YES;
				ONLY_ACTIVE_ARCH = YES;
				SDKROOT = macosx;
			};
			name = Debug;
		};
		9287EAD220D85E4E000BBEB1 /* Release */ = {
			isa = XCBuildConfiguration;
			buildSettings = {
				ALWAYS_SEARCH_USER_PATHS = NO;
				CLANG_ANALYZER_NONNULL = YES;
				CLANG_ANALYZER_NUMBER_OBJECT_CONVERSION = YES_AGGRESSIVE;
				CLANG_CXX_LANGUAGE_STANDARD = "gnu++14";
				CLANG_CXX_LIBRARY = "libc++";
				CLANG_ENABLE_MODULES = YES;
				CLANG_ENABLE_OBJC_ARC = YES;
				CLANG_ENABLE_OBJC_WEAK = YES;
				CLANG_WARN_BLOCK_CAPTURE_AUTORELEASING = YES;
				CLANG_WARN_BOOL_CONVERSION = YES;
				CLANG_WARN_COMMA = YES;
				CLANG_WARN_CONSTANT_CONVERSION = YES;
				CLANG_WARN_DEPRECATED_OBJC_IMPLEMENTATIONS = YES;
				CLANG_WARN_DIRECT_OBJC_ISA_USAGE = YES_ERROR;
				CLANG_WARN_DOCUMENTATION_COMMENTS = YES;
				CLANG_WARN_EMPTY_BODY = YES;
				CLANG_WARN_ENUM_CONVERSION = YES;
				CLANG_WARN_INFINITE_RECURSION = YES;
				CLANG_WARN_INT_CONVERSION = YES;
				CLANG_WARN_NON_LITERAL_NULL_CONVERSION = YES;
				CLANG_WARN_OBJC_IMPLICIT_RETAIN_SELF = YES;
				CLANG_WARN_OBJC_LITERAL_CONVERSION = YES;
				CLANG_WARN_OBJC_ROOT_CLASS = YES_ERROR;
				CLANG_WARN_RANGE_LOOP_ANALYSIS = YES;
				CLANG_WARN_STRICT_PROTOTYPES = YES;
				CLANG_WARN_SUSPICIOUS_MOVE = YES;
				CLANG_WARN_UNGUARDED_AVAILABILITY = YES_AGGRESSIVE;
				CLANG_WARN_UNREACHABLE_CODE = YES;
				CLANG_WARN__DUPLICATE_METHOD_MATCH = YES;
				CODE_SIGN_IDENTITY = "Mac Developer";
				COPY_PHASE_STRIP = NO;
				DEBUG_INFORMATION_FORMAT = "dwarf-with-dsym";
				ENABLE_NS_ASSERTIONS = NO;
				ENABLE_STRICT_OBJC_MSGSEND = YES;
				GCC_C_LANGUAGE_STANDARD = gnu11;
				GCC_NO_COMMON_BLOCKS = YES;
				GCC_WARN_64_TO_32_BIT_CONVERSION = YES;
				GCC_WARN_ABOUT_RETURN_TYPE = YES_ERROR;
				GCC_WARN_UNDECLARED_SELECTOR = YES;
				GCC_WARN_UNINITIALIZED_AUTOS = YES_AGGRESSIVE;
				GCC_WARN_UNUSED_FUNCTION = YES;
				GCC_WARN_UNUSED_VARIABLE = YES;
				MACOSX_DEPLOYMENT_TARGET = 10.13;
				MTL_ENABLE_DEBUG_INFO = NO;
				SDKROOT = macosx;
			};
			name = Release;
		};
		9287EAD420D85E4E000BBEB1 /* Debug */ = {
			isa = XCBuildConfiguration;
			buildSettings = {
				ASSETCATALOG_COMPILER_APPICON_NAME = AppIcon;
				CODE_SIGN_STYLE = Automatic;
				COMBINE_HIDPI_IMAGES = YES;
				DEVELOPMENT_TEAM = BZ4VC623NH;
				FRAMEWORK_SEARCH_PATHS = (
					"$(inherited)",
					"$(LOCAL_LIBRARY_DIR)/Frameworks",
				);
				INFOPLIST_FILE = "LowRes NX macOS SDL/Info.plist";
				LD_RUNPATH_SEARCH_PATHS = (
					"$(inherited)",
					"@executable_path/../Frameworks",
				);
				PRODUCT_BUNDLE_IDENTIFIER = "com.inutilis.LowRes-NX-macOS-SDL";
				PRODUCT_NAME = "$(TARGET_NAME)";
			};
			name = Debug;
		};
		9287EAD520D85E4E000BBEB1 /* Release */ = {
			isa = XCBuildConfiguration;
			buildSettings = {
				ASSETCATALOG_COMPILER_APPICON_NAME = AppIcon;
				CODE_SIGN_STYLE = Automatic;
				COMBINE_HIDPI_IMAGES = YES;
				DEVELOPMENT_TEAM = BZ4VC623NH;
				FRAMEWORK_SEARCH_PATHS = (
					"$(inherited)",
					"$(LOCAL_LIBRARY_DIR)/Frameworks",
				);
				INFOPLIST_FILE = "LowRes NX macOS SDL/Info.plist";
				LD_RUNPATH_SEARCH_PATHS = (
					"$(inherited)",
					"@executable_path/../Frameworks",
				);
				PRODUCT_BUNDLE_IDENTIFIER = "com.inutilis.LowRes-NX-macOS-SDL";
				PRODUCT_NAME = "$(TARGET_NAME)";
			};
			name = Release;
		};
/* End XCBuildConfiguration section */

/* Begin XCConfigurationList section */
		9287EABD20D85E4D000BBEB1 /* Build configuration list for PBXProject "LowRes NX macOS SDL" */ = {
			isa = XCConfigurationList;
			buildConfigurations = (
				9287EAD120D85E4E000BBEB1 /* Debug */,
				9287EAD220D85E4E000BBEB1 /* Release */,
			);
			defaultConfigurationIsVisible = 0;
			defaultConfigurationName = Release;
		};
		9287EAD320D85E4E000BBEB1 /* Build configuration list for PBXNativeTarget "LowRes NX macOS SDL" */ = {
			isa = XCConfigurationList;
			buildConfigurations = (
				9287EAD420D85E4E000BBEB1 /* Debug */,
				9287EAD520D85E4E000BBEB1 /* Release */,
			);
			defaultConfigurationIsVisible = 0;
			defaultConfigurationName = Release;
		};
/* End XCConfigurationList section */
	};
	rootObject = 9287EABA20D85E4D000BBEB1 /* Project object */;
}
